// !$*UTF8*$!
{
	archiveVersion = 1;
	classes = {
	};
	objectVersion = 46;
	objects = {

/* Begin PBXBuildFile section */
		1DDD58160DA1D0A300B32029 /* MainMenu.xib in Resources */ = {isa = PBXBuildFile; fileRef = 1DDD58140DA1D0A300B32029 /* MainMenu.xib */; };
		256AC3DA0F4B6AC300CF3369 /* queryAppDelegate.m in Sources */ = {isa = PBXBuildFile; fileRef = 256AC3D90F4B6AC300CF3369 /* queryAppDelegate.m */; };
		8D11072B0486CEB800E47090 /* InfoPlist.strings in Resources */ = {isa = PBXBuildFile; fileRef = 089C165CFE840E0CC02AAC07 /* InfoPlist.strings */; };
		8D11072D0486CEB800E47090 /* main.m in Sources */ = {isa = PBXBuildFile; fileRef = 29B97316FDCFA39411CA2CEA /* main.m */; settings = {ATTRIBUTES = (); }; };
		8D11072F0486CEB800E47090 /* Cocoa.framework in Frameworks */ = {isa = PBXBuildFile; fileRef = 1058C7A1FEA54F0111CA2CBB /* Cocoa.framework */; };
		F44CC08512B588AE0052D468 /* libxml2.2.dylib in Frameworks */ = {isa = PBXBuildFile; fileRef = F44CC08412B588AE0052D468 /* libxml2.2.dylib */; };
		F44CC09112B58BA40052D468 /* QueryController.m in Sources */ = {isa = PBXBuildFile; fileRef = F44CC09012B58BA40052D468 /* QueryController.m */; };
		F4C2983B1364A283009ACB8D /* readme.md in Resources */ = {isa = PBXBuildFile; fileRef = F4C2983A1364A283009ACB8D /* readme.md */; };
		FD125A1016DFB86F003373FF /* zkAuthentication.m in Sources */ = {isa = PBXBuildFile; fileRef = FD1259C016DFB86F003373FF /* zkAuthentication.m */; };
		FD125A1116DFB86F003373FF /* zkBaseClient.m in Sources */ = {isa = PBXBuildFile; fileRef = FD1259C216DFB86F003373FF /* zkBaseClient.m */; };
		FD125A1216DFB86F003373FF /* zkChildRelationship.m in Sources */ = {isa = PBXBuildFile; fileRef = FD1259C416DFB86F003373FF /* zkChildRelationship.m */; };
		FD125A1316DFB86F003373FF /* ZKDescribeAvailableQuickActionResult.m in Sources */ = {isa = PBXBuildFile; fileRef = FD1259C616DFB86F003373FF /* ZKDescribeAvailableQuickActionResult.m */; };
		FD125A1416DFB86F003373FF /* zkDescribeField.m in Sources */ = {isa = PBXBuildFile; fileRef = FD1259C816DFB86F003373FF /* zkDescribeField.m */; };
		FD125A1516DFB86F003373FF /* zkDescribeGlobalSObject.m in Sources */ = {isa = PBXBuildFile; fileRef = FD1259CA16DFB86F003373FF /* zkDescribeGlobalSObject.m */; };
		FD125A1616DFB86F003373FF /* ZKDescribeLayout.m in Sources */ = {isa = PBXBuildFile; fileRef = FD1259CC16DFB86F003373FF /* ZKDescribeLayout.m */; };
		FD125A1716DFB86F003373FF /* ZKDescribeLayoutButton.m in Sources */ = {isa = PBXBuildFile; fileRef = FD1259CE16DFB86F003373FF /* ZKDescribeLayoutButton.m */; };
		FD125A1816DFB86F003373FF /* ZKDescribeLayoutButtonSection.m in Sources */ = {isa = PBXBuildFile; fileRef = FD1259D016DFB86F003373FF /* ZKDescribeLayoutButtonSection.m */; };
		FD125A1916DFB86F003373FF /* ZKDescribeLayoutComponent.m in Sources */ = {isa = PBXBuildFile; fileRef = FD1259D216DFB86F003373FF /* ZKDescribeLayoutComponent.m */; };
		FD125A1A16DFB86F003373FF /* ZKDescribeLayoutItem.m in Sources */ = {isa = PBXBuildFile; fileRef = FD1259D416DFB86F003373FF /* ZKDescribeLayoutItem.m */; };
		FD125A1B16DFB86F003373FF /* ZKDescribeLayoutResult.m in Sources */ = {isa = PBXBuildFile; fileRef = FD1259D616DFB86F003373FF /* ZKDescribeLayoutResult.m */; };
		FD125A1C16DFB86F003373FF /* ZKDescribeLayoutRow.m in Sources */ = {isa = PBXBuildFile; fileRef = FD1259D816DFB86F003373FF /* ZKDescribeLayoutRow.m */; };
		FD125A1D16DFB86F003373FF /* ZKDescribeLayoutSection.m in Sources */ = {isa = PBXBuildFile; fileRef = FD1259DA16DFB86F003373FF /* ZKDescribeLayoutSection.m */; };
		FD125A1E16DFB86F003373FF /* ZKDescribeQuickActionResult.m in Sources */ = {isa = PBXBuildFile; fileRef = FD1259DC16DFB86F003373FF /* ZKDescribeQuickActionResult.m */; };
		FD125A1F16DFB86F003373FF /* zkDescribeSObject.m in Sources */ = {isa = PBXBuildFile; fileRef = FD1259DE16DFB86F003373FF /* zkDescribeSObject.m */; };
		FD125A2016DFB86F003373FF /* ZKDescribeTab.m in Sources */ = {isa = PBXBuildFile; fileRef = FD1259E016DFB86F003373FF /* ZKDescribeTab.m */; };
		FD125A2116DFB86F003373FF /* ZKDescribeTabSetResult.m in Sources */ = {isa = PBXBuildFile; fileRef = FD1259E216DFB86F003373FF /* ZKDescribeTabSetResult.m */; };
		FD125A2216DFB86F003373FF /* zkEnvelope.m in Sources */ = {isa = PBXBuildFile; fileRef = FD1259E416DFB86F003373FF /* zkEnvelope.m */; };
		FD125A2316DFB86F003373FF /* ZKError.m in Sources */ = {isa = PBXBuildFile; fileRef = FD1259E616DFB86F003373FF /* ZKError.m */; };
		FD125A2416DFB86F003373FF /* zkLoginResult.m in Sources */ = {isa = PBXBuildFile; fileRef = FD1259E816DFB86F003373FF /* zkLoginResult.m */; };
		FD125A2516DFB86F003373FF /* zkParser.m in Sources */ = {isa = PBXBuildFile; fileRef = FD1259EA16DFB86F003373FF /* zkParser.m */; };
		FD125A2616DFB86F003373FF /* ZKPartnerEnvelope.m in Sources */ = {isa = PBXBuildFile; fileRef = FD1259EC16DFB86F003373FF /* ZKPartnerEnvelope.m */; };
		FD125A2716DFB86F003373FF /* ZKPerformQuickActionResult.m in Sources */ = {isa = PBXBuildFile; fileRef = FD1259EE16DFB86F003373FF /* ZKPerformQuickActionResult.m */; };
		FD125A2816DFB86F003373FF /* ZKPicklistEntry.m in Sources */ = {isa = PBXBuildFile; fileRef = FD1259F016DFB86F003373FF /* ZKPicklistEntry.m */; };
		FD125A2916DFB86F003373FF /* ZKPicklistForRecordType.m in Sources */ = {isa = PBXBuildFile; fileRef = FD1259F216DFB86F003373FF /* ZKPicklistForRecordType.m */; };
		FD125A2A16DFB86F003373FF /* zkQueryResult+NSTableView.m in Sources */ = {isa = PBXBuildFile; fileRef = FD1259F416DFB86F003373FF /* zkQueryResult+NSTableView.m */; };
		FD125A2B16DFB86F003373FF /* zkQueryResult.m in Sources */ = {isa = PBXBuildFile; fileRef = FD1259F616DFB86F003373FF /* zkQueryResult.m */; };
		FD125A2C16DFB86F003373FF /* ZKRecordTypeInfo.m in Sources */ = {isa = PBXBuildFile; fileRef = FD1259F816DFB86F003373FF /* ZKRecordTypeInfo.m */; };
		FD125A2D16DFB86F003373FF /* ZKRecordTypeMapping.m in Sources */ = {isa = PBXBuildFile; fileRef = FD1259FA16DFB86F003373FF /* ZKRecordTypeMapping.m */; };
		FD125A2E16DFB86F003373FF /* ZKRelatedList.m in Sources */ = {isa = PBXBuildFile; fileRef = FD1259FC16DFB86F003373FF /* ZKRelatedList.m */; };
		FD125A2F16DFB86F003373FF /* ZKRelatedListColumn.m in Sources */ = {isa = PBXBuildFile; fileRef = FD1259FE16DFB86F003373FF /* ZKRelatedListColumn.m */; };
		FD125A3016DFB86F003373FF /* ZKRelatedListSort.m in Sources */ = {isa = PBXBuildFile; fileRef = FD125A0016DFB86F003373FF /* ZKRelatedListSort.m */; };
		FD125A3116DFB86F003373FF /* zkSaveResult.m in Sources */ = {isa = PBXBuildFile; fileRef = FD125A0216DFB86F003373FF /* zkSaveResult.m */; };
		FD125A3216DFB86F003373FF /* zkSforceClient+zkAsyncQuery.m in Sources */ = {isa = PBXBuildFile; fileRef = FD125A0516DFB86F003373FF /* zkSforceClient+zkAsyncQuery.m */; };
		FD125A3316DFB86F003373FF /* zkSforceClient.m in Sources */ = {isa = PBXBuildFile; fileRef = FD125A0716DFB86F003373FF /* zkSforceClient.m */; };
		FD125A3416DFB86F003373FF /* zkSoapException.m in Sources */ = {isa = PBXBuildFile; fileRef = FD125A0916DFB86F003373FF /* zkSoapException.m */; };
		FD125A3516DFB86F003373FF /* zkSObject.m in Sources */ = {isa = PBXBuildFile; fileRef = FD125A0B16DFB86F003373FF /* zkSObject.m */; };
		FD125A3616DFB86F003373FF /* zkUserInfo.m in Sources */ = {isa = PBXBuildFile; fileRef = FD125A0D16DFB86F003373FF /* zkUserInfo.m */; };
		FD125A3716DFB86F003373FF /* zkXmlDeserializer.m in Sources */ = {isa = PBXBuildFile; fileRef = FD125A0F16DFB86F003373FF /* zkXmlDeserializer.m */; };
		FD834C7B16E56ECD002CE369 /* zkHelper.m in Sources */ = {isa = PBXBuildFile; fileRef = FD834C7A16E56ECD002CE369 /* zkHelper.m */; };
/* End PBXBuildFile section */

/* Begin PBXFileReference section */
		089C165DFE840E0CC02AAC07 /* English */ = {isa = PBXFileReference; fileEncoding = 4; lastKnownFileType = text.plist.strings; name = English; path = English.lproj/InfoPlist.strings; sourceTree = "<group>"; };
		1058C7A1FEA54F0111CA2CBB /* Cocoa.framework */ = {isa = PBXFileReference; lastKnownFileType = wrapper.framework; name = Cocoa.framework; path = /System/Library/Frameworks/Cocoa.framework; sourceTree = "<absolute>"; };
		13E42FB307B3F0F600E4EEF1 /* CoreData.framework */ = {isa = PBXFileReference; lastKnownFileType = wrapper.framework; name = CoreData.framework; path = /System/Library/Frameworks/CoreData.framework; sourceTree = "<absolute>"; };
		1DDD58150DA1D0A300B32029 /* English */ = {isa = PBXFileReference; lastKnownFileType = file.xib; name = English; path = English.lproj/MainMenu.xib; sourceTree = "<group>"; };
		256AC3D80F4B6AC300CF3369 /* queryAppDelegate.h */ = {isa = PBXFileReference; fileEncoding = 4; lastKnownFileType = sourcecode.c.h; path = queryAppDelegate.h; sourceTree = "<group>"; };
		256AC3D90F4B6AC300CF3369 /* queryAppDelegate.m */ = {isa = PBXFileReference; fileEncoding = 4; lastKnownFileType = sourcecode.c.objc; path = queryAppDelegate.m; sourceTree = "<group>"; };
		256AC3F00F4B6AF500CF3369 /* query_Prefix.pch */ = {isa = PBXFileReference; fileEncoding = 4; lastKnownFileType = sourcecode.c.h; path = query_Prefix.pch; sourceTree = "<group>"; };
		29B97316FDCFA39411CA2CEA /* main.m */ = {isa = PBXFileReference; fileEncoding = 4; lastKnownFileType = sourcecode.c.objc; path = main.m; sourceTree = "<group>"; };
		29B97324FDCFA39411CA2CEA /* AppKit.framework */ = {isa = PBXFileReference; lastKnownFileType = wrapper.framework; name = AppKit.framework; path = /System/Library/Frameworks/AppKit.framework; sourceTree = "<absolute>"; };
		29B97325FDCFA39411CA2CEA /* Foundation.framework */ = {isa = PBXFileReference; lastKnownFileType = wrapper.framework; name = Foundation.framework; path = /System/Library/Frameworks/Foundation.framework; sourceTree = "<absolute>"; };
		8D1107310486CEB800E47090 /* query-Info.plist */ = {isa = PBXFileReference; fileEncoding = 4; lastKnownFileType = text.plist.xml; path = "query-Info.plist"; sourceTree = "<group>"; };
		8D1107320486CEB800E47090 /* query.app */ = {isa = PBXFileReference; explicitFileType = wrapper.application; includeInIndex = 0; path = query.app; sourceTree = BUILT_PRODUCTS_DIR; };
		F44CC08412B588AE0052D468 /* libxml2.2.dylib */ = {isa = PBXFileReference; lastKnownFileType = "compiled.mach-o.dylib"; name = libxml2.2.dylib; path = usr/lib/libxml2.2.dylib; sourceTree = SDKROOT; };
		F44CC08F12B58BA40052D468 /* QueryController.h */ = {isa = PBXFileReference; fileEncoding = 4; lastKnownFileType = sourcecode.c.h; path = QueryController.h; sourceTree = "<group>"; };
		F44CC09012B58BA40052D468 /* QueryController.m */ = {isa = PBXFileReference; fileEncoding = 4; lastKnownFileType = sourcecode.c.objc; path = QueryController.m; sourceTree = "<group>"; };
		F4C2983A1364A283009ACB8D /* readme.md */ = {isa = PBXFileReference; fileEncoding = 4; lastKnownFileType = text; path = readme.md; sourceTree = "<group>"; };
		FD1259BF16DFB86F003373FF /* zkAuthentication.h */ = {isa = PBXFileReference; fileEncoding = 4; lastKnownFileType = sourcecode.c.h; path = zkAuthentication.h; sourceTree = "<group>"; };
		FD1259C016DFB86F003373FF /* zkAuthentication.m */ = {isa = PBXFileReference; fileEncoding = 4; lastKnownFileType = sourcecode.c.objc; path = zkAuthentication.m; sourceTree = "<group>"; };
		FD1259C116DFB86F003373FF /* zkBaseClient.h */ = {isa = PBXFileReference; fileEncoding = 4; lastKnownFileType = sourcecode.c.h; path = zkBaseClient.h; sourceTree = "<group>"; };
		FD1259C216DFB86F003373FF /* zkBaseClient.m */ = {isa = PBXFileReference; fileEncoding = 4; lastKnownFileType = sourcecode.c.objc; path = zkBaseClient.m; sourceTree = "<group>"; };
		FD1259C316DFB86F003373FF /* zkChildRelationship.h */ = {isa = PBXFileReference; fileEncoding = 4; lastKnownFileType = sourcecode.c.h; path = zkChildRelationship.h; sourceTree = "<group>"; };
		FD1259C416DFB86F003373FF /* zkChildRelationship.m */ = {isa = PBXFileReference; fileEncoding = 4; lastKnownFileType = sourcecode.c.objc; path = zkChildRelationship.m; sourceTree = "<group>"; };
		FD1259C516DFB86F003373FF /* ZKDescribeAvailableQuickActionResult.h */ = {isa = PBXFileReference; fileEncoding = 4; lastKnownFileType = sourcecode.c.h; path = ZKDescribeAvailableQuickActionResult.h; sourceTree = "<group>"; };
		FD1259C616DFB86F003373FF /* ZKDescribeAvailableQuickActionResult.m */ = {isa = PBXFileReference; fileEncoding = 4; lastKnownFileType = sourcecode.c.objc; path = ZKDescribeAvailableQuickActionResult.m; sourceTree = "<group>"; };
		FD1259C716DFB86F003373FF /* zkDescribeField.h */ = {isa = PBXFileReference; fileEncoding = 4; lastKnownFileType = sourcecode.c.h; path = zkDescribeField.h; sourceTree = "<group>"; };
		FD1259C816DFB86F003373FF /* zkDescribeField.m */ = {isa = PBXFileReference; fileEncoding = 4; lastKnownFileType = sourcecode.c.objc; path = zkDescribeField.m; sourceTree = "<group>"; };
		FD1259C916DFB86F003373FF /* zkDescribeGlobalSObject.h */ = {isa = PBXFileReference; fileEncoding = 4; lastKnownFileType = sourcecode.c.h; path = zkDescribeGlobalSObject.h; sourceTree = "<group>"; };
		FD1259CA16DFB86F003373FF /* zkDescribeGlobalSObject.m */ = {isa = PBXFileReference; fileEncoding = 4; lastKnownFileType = sourcecode.c.objc; path = zkDescribeGlobalSObject.m; sourceTree = "<group>"; };
		FD1259CB16DFB86F003373FF /* ZKDescribeLayout.h */ = {isa = PBXFileReference; fileEncoding = 4; lastKnownFileType = sourcecode.c.h; path = ZKDescribeLayout.h; sourceTree = "<group>"; };
		FD1259CC16DFB86F003373FF /* ZKDescribeLayout.m */ = {isa = PBXFileReference; fileEncoding = 4; lastKnownFileType = sourcecode.c.objc; path = ZKDescribeLayout.m; sourceTree = "<group>"; };
		FD1259CD16DFB86F003373FF /* ZKDescribeLayoutButton.h */ = {isa = PBXFileReference; fileEncoding = 4; lastKnownFileType = sourcecode.c.h; path = ZKDescribeLayoutButton.h; sourceTree = "<group>"; };
		FD1259CE16DFB86F003373FF /* ZKDescribeLayoutButton.m */ = {isa = PBXFileReference; fileEncoding = 4; lastKnownFileType = sourcecode.c.objc; path = ZKDescribeLayoutButton.m; sourceTree = "<group>"; };
		FD1259CF16DFB86F003373FF /* ZKDescribeLayoutButtonSection.h */ = {isa = PBXFileReference; fileEncoding = 4; lastKnownFileType = sourcecode.c.h; path = ZKDescribeLayoutButtonSection.h; sourceTree = "<group>"; };
		FD1259D016DFB86F003373FF /* ZKDescribeLayoutButtonSection.m */ = {isa = PBXFileReference; fileEncoding = 4; lastKnownFileType = sourcecode.c.objc; path = ZKDescribeLayoutButtonSection.m; sourceTree = "<group>"; };
		FD1259D116DFB86F003373FF /* ZKDescribeLayoutComponent.h */ = {isa = PBXFileReference; fileEncoding = 4; lastKnownFileType = sourcecode.c.h; path = ZKDescribeLayoutComponent.h; sourceTree = "<group>"; };
		FD1259D216DFB86F003373FF /* ZKDescribeLayoutComponent.m */ = {isa = PBXFileReference; fileEncoding = 4; lastKnownFileType = sourcecode.c.objc; path = ZKDescribeLayoutComponent.m; sourceTree = "<group>"; };
		FD1259D316DFB86F003373FF /* ZKDescribeLayoutItem.h */ = {isa = PBXFileReference; fileEncoding = 4; lastKnownFileType = sourcecode.c.h; path = ZKDescribeLayoutItem.h; sourceTree = "<group>"; };
		FD1259D416DFB86F003373FF /* ZKDescribeLayoutItem.m */ = {isa = PBXFileReference; fileEncoding = 4; lastKnownFileType = sourcecode.c.objc; path = ZKDescribeLayoutItem.m; sourceTree = "<group>"; };
		FD1259D516DFB86F003373FF /* ZKDescribeLayoutResult.h */ = {isa = PBXFileReference; fileEncoding = 4; lastKnownFileType = sourcecode.c.h; path = ZKDescribeLayoutResult.h; sourceTree = "<group>"; };
		FD1259D616DFB86F003373FF /* ZKDescribeLayoutResult.m */ = {isa = PBXFileReference; fileEncoding = 4; lastKnownFileType = sourcecode.c.objc; path = ZKDescribeLayoutResult.m; sourceTree = "<group>"; };
		FD1259D716DFB86F003373FF /* ZKDescribeLayoutRow.h */ = {isa = PBXFileReference; fileEncoding = 4; lastKnownFileType = sourcecode.c.h; path = ZKDescribeLayoutRow.h; sourceTree = "<group>"; };
		FD1259D816DFB86F003373FF /* ZKDescribeLayoutRow.m */ = {isa = PBXFileReference; fileEncoding = 4; lastKnownFileType = sourcecode.c.objc; path = ZKDescribeLayoutRow.m; sourceTree = "<group>"; };
		FD1259D916DFB86F003373FF /* ZKDescribeLayoutSection.h */ = {isa = PBXFileReference; fileEncoding = 4; lastKnownFileType = sourcecode.c.h; path = ZKDescribeLayoutSection.h; sourceTree = "<group>"; };
		FD1259DA16DFB86F003373FF /* ZKDescribeLayoutSection.m */ = {isa = PBXFileReference; fileEncoding = 4; lastKnownFileType = sourcecode.c.objc; path = ZKDescribeLayoutSection.m; sourceTree = "<group>"; };
		FD1259DB16DFB86F003373FF /* ZKDescribeQuickActionResult.h */ = {isa = PBXFileReference; fileEncoding = 4; lastKnownFileType = sourcecode.c.h; path = ZKDescribeQuickActionResult.h; sourceTree = "<group>"; };
		FD1259DC16DFB86F003373FF /* ZKDescribeQuickActionResult.m */ = {isa = PBXFileReference; fileEncoding = 4; lastKnownFileType = sourcecode.c.objc; path = ZKDescribeQuickActionResult.m; sourceTree = "<group>"; };
		FD1259DD16DFB86F003373FF /* zkDescribeSObject.h */ = {isa = PBXFileReference; fileEncoding = 4; lastKnownFileType = sourcecode.c.h; path = zkDescribeSObject.h; sourceTree = "<group>"; };
		FD1259DE16DFB86F003373FF /* zkDescribeSObject.m */ = {isa = PBXFileReference; fileEncoding = 4; lastKnownFileType = sourcecode.c.objc; path = zkDescribeSObject.m; sourceTree = "<group>"; };
		FD1259DF16DFB86F003373FF /* ZKDescribeTab.h */ = {isa = PBXFileReference; fileEncoding = 4; lastKnownFileType = sourcecode.c.h; path = ZKDescribeTab.h; sourceTree = "<group>"; };
		FD1259E016DFB86F003373FF /* ZKDescribeTab.m */ = {isa = PBXFileReference; fileEncoding = 4; lastKnownFileType = sourcecode.c.objc; path = ZKDescribeTab.m; sourceTree = "<group>"; };
		FD1259E116DFB86F003373FF /* ZKDescribeTabSetResult.h */ = {isa = PBXFileReference; fileEncoding = 4; lastKnownFileType = sourcecode.c.h; path = ZKDescribeTabSetResult.h; sourceTree = "<group>"; };
		FD1259E216DFB86F003373FF /* ZKDescribeTabSetResult.m */ = {isa = PBXFileReference; fileEncoding = 4; lastKnownFileType = sourcecode.c.objc; path = ZKDescribeTabSetResult.m; sourceTree = "<group>"; };
		FD1259E316DFB86F003373FF /* zkEnvelope.h */ = {isa = PBXFileReference; fileEncoding = 4; lastKnownFileType = sourcecode.c.h; path = zkEnvelope.h; sourceTree = "<group>"; };
		FD1259E416DFB86F003373FF /* zkEnvelope.m */ = {isa = PBXFileReference; fileEncoding = 4; lastKnownFileType = sourcecode.c.objc; path = zkEnvelope.m; sourceTree = "<group>"; };
		FD1259E516DFB86F003373FF /* ZKError.h */ = {isa = PBXFileReference; fileEncoding = 4; lastKnownFileType = sourcecode.c.h; path = ZKError.h; sourceTree = "<group>"; };
		FD1259E616DFB86F003373FF /* ZKError.m */ = {isa = PBXFileReference; fileEncoding = 4; lastKnownFileType = sourcecode.c.objc; path = ZKError.m; sourceTree = "<group>"; };
		FD1259E716DFB86F003373FF /* zkLoginResult.h */ = {isa = PBXFileReference; fileEncoding = 4; lastKnownFileType = sourcecode.c.h; path = zkLoginResult.h; sourceTree = "<group>"; };
		FD1259E816DFB86F003373FF /* zkLoginResult.m */ = {isa = PBXFileReference; fileEncoding = 4; lastKnownFileType = sourcecode.c.objc; path = zkLoginResult.m; sourceTree = "<group>"; };
		FD1259E916DFB86F003373FF /* zkParser.h */ = {isa = PBXFileReference; fileEncoding = 4; lastKnownFileType = sourcecode.c.h; path = zkParser.h; sourceTree = "<group>"; };
		FD1259EA16DFB86F003373FF /* zkParser.m */ = {isa = PBXFileReference; fileEncoding = 4; lastKnownFileType = sourcecode.c.objc; path = zkParser.m; sourceTree = "<group>"; };
		FD1259EB16DFB86F003373FF /* ZKPartnerEnvelope.h */ = {isa = PBXFileReference; fileEncoding = 4; lastKnownFileType = sourcecode.c.h; path = ZKPartnerEnvelope.h; sourceTree = "<group>"; };
		FD1259EC16DFB86F003373FF /* ZKPartnerEnvelope.m */ = {isa = PBXFileReference; fileEncoding = 4; lastKnownFileType = sourcecode.c.objc; path = ZKPartnerEnvelope.m; sourceTree = "<group>"; };
		FD1259ED16DFB86F003373FF /* ZKPerformQuickActionResult.h */ = {isa = PBXFileReference; fileEncoding = 4; lastKnownFileType = sourcecode.c.h; path = ZKPerformQuickActionResult.h; sourceTree = "<group>"; };
		FD1259EE16DFB86F003373FF /* ZKPerformQuickActionResult.m */ = {isa = PBXFileReference; fileEncoding = 4; lastKnownFileType = sourcecode.c.objc; path = ZKPerformQuickActionResult.m; sourceTree = "<group>"; };
		FD1259EF16DFB86F003373FF /* ZKPicklistEntry.h */ = {isa = PBXFileReference; fileEncoding = 4; lastKnownFileType = sourcecode.c.h; path = ZKPicklistEntry.h; sourceTree = "<group>"; };
		FD1259F016DFB86F003373FF /* ZKPicklistEntry.m */ = {isa = PBXFileReference; fileEncoding = 4; lastKnownFileType = sourcecode.c.objc; path = ZKPicklistEntry.m; sourceTree = "<group>"; };
		FD1259F116DFB86F003373FF /* ZKPicklistForRecordType.h */ = {isa = PBXFileReference; fileEncoding = 4; lastKnownFileType = sourcecode.c.h; path = ZKPicklistForRecordType.h; sourceTree = "<group>"; };
		FD1259F216DFB86F003373FF /* ZKPicklistForRecordType.m */ = {isa = PBXFileReference; fileEncoding = 4; lastKnownFileType = sourcecode.c.objc; path = ZKPicklistForRecordType.m; sourceTree = "<group>"; };
		FD1259F316DFB86F003373FF /* zkQueryResult+NSTableView.h */ = {isa = PBXFileReference; fileEncoding = 4; lastKnownFileType = sourcecode.c.h; path = "zkQueryResult+NSTableView.h"; sourceTree = "<group>"; };
		FD1259F416DFB86F003373FF /* zkQueryResult+NSTableView.m */ = {isa = PBXFileReference; fileEncoding = 4; lastKnownFileType = sourcecode.c.objc; path = "zkQueryResult+NSTableView.m"; sourceTree = "<group>"; };
		FD1259F516DFB86F003373FF /* zkQueryResult.h */ = {isa = PBXFileReference; fileEncoding = 4; lastKnownFileType = sourcecode.c.h; path = zkQueryResult.h; sourceTree = "<group>"; };
		FD1259F616DFB86F003373FF /* zkQueryResult.m */ = {isa = PBXFileReference; fileEncoding = 4; lastKnownFileType = sourcecode.c.objc; path = zkQueryResult.m; sourceTree = "<group>"; };
		FD1259F716DFB86F003373FF /* ZKRecordTypeInfo.h */ = {isa = PBXFileReference; fileEncoding = 4; lastKnownFileType = sourcecode.c.h; path = ZKRecordTypeInfo.h; sourceTree = "<group>"; };
		FD1259F816DFB86F003373FF /* ZKRecordTypeInfo.m */ = {isa = PBXFileReference; fileEncoding = 4; lastKnownFileType = sourcecode.c.objc; path = ZKRecordTypeInfo.m; sourceTree = "<group>"; };
		FD1259F916DFB86F003373FF /* ZKRecordTypeMapping.h */ = {isa = PBXFileReference; fileEncoding = 4; lastKnownFileType = sourcecode.c.h; path = ZKRecordTypeMapping.h; sourceTree = "<group>"; };
		FD1259FA16DFB86F003373FF /* ZKRecordTypeMapping.m */ = {isa = PBXFileReference; fileEncoding = 4; lastKnownFileType = sourcecode.c.objc; path = ZKRecordTypeMapping.m; sourceTree = "<group>"; };
		FD1259FB16DFB86F003373FF /* ZKRelatedList.h */ = {isa = PBXFileReference; fileEncoding = 4; lastKnownFileType = sourcecode.c.h; path = ZKRelatedList.h; sourceTree = "<group>"; };
		FD1259FC16DFB86F003373FF /* ZKRelatedList.m */ = {isa = PBXFileReference; fileEncoding = 4; lastKnownFileType = sourcecode.c.objc; path = ZKRelatedList.m; sourceTree = "<group>"; };
		FD1259FD16DFB86F003373FF /* ZKRelatedListColumn.h */ = {isa = PBXFileReference; fileEncoding = 4; lastKnownFileType = sourcecode.c.h; path = ZKRelatedListColumn.h; sourceTree = "<group>"; };
		FD1259FE16DFB86F003373FF /* ZKRelatedListColumn.m */ = {isa = PBXFileReference; fileEncoding = 4; lastKnownFileType = sourcecode.c.objc; path = ZKRelatedListColumn.m; sourceTree = "<group>"; };
		FD1259FF16DFB86F003373FF /* ZKRelatedListSort.h */ = {isa = PBXFileReference; fileEncoding = 4; lastKnownFileType = sourcecode.c.h; path = ZKRelatedListSort.h; sourceTree = "<group>"; };
		FD125A0016DFB86F003373FF /* ZKRelatedListSort.m */ = {isa = PBXFileReference; fileEncoding = 4; lastKnownFileType = sourcecode.c.objc; path = ZKRelatedListSort.m; sourceTree = "<group>"; };
		FD125A0116DFB86F003373FF /* zkSaveResult.h */ = {isa = PBXFileReference; fileEncoding = 4; lastKnownFileType = sourcecode.c.h; path = zkSaveResult.h; sourceTree = "<group>"; };
		FD125A0216DFB86F003373FF /* zkSaveResult.m */ = {isa = PBXFileReference; fileEncoding = 4; lastKnownFileType = sourcecode.c.objc; path = zkSaveResult.m; sourceTree = "<group>"; };
		FD125A0316DFB86F003373FF /* zkSforce.h */ = {isa = PBXFileReference; fileEncoding = 4; lastKnownFileType = sourcecode.c.h; path = zkSforce.h; sourceTree = "<group>"; };
		FD125A0416DFB86F003373FF /* zkSforceClient+zkAsyncQuery.h */ = {isa = PBXFileReference; fileEncoding = 4; lastKnownFileType = sourcecode.c.h; path = "zkSforceClient+zkAsyncQuery.h"; sourceTree = "<group>"; };
		FD125A0516DFB86F003373FF /* zkSforceClient+zkAsyncQuery.m */ = {isa = PBXFileReference; fileEncoding = 4; lastKnownFileType = sourcecode.c.objc; path = "zkSforceClient+zkAsyncQuery.m"; sourceTree = "<group>"; };
		FD125A0616DFB86F003373FF /* zkSforceClient.h */ = {isa = PBXFileReference; fileEncoding = 4; lastKnownFileType = sourcecode.c.h; path = zkSforceClient.h; sourceTree = "<group>"; };
		FD125A0716DFB86F003373FF /* zkSforceClient.m */ = {isa = PBXFileReference; fileEncoding = 4; lastKnownFileType = sourcecode.c.objc; path = zkSforceClient.m; sourceTree = "<group>"; };
		FD125A0816DFB86F003373FF /* zkSoapException.h */ = {isa = PBXFileReference; fileEncoding = 4; lastKnownFileType = sourcecode.c.h; path = zkSoapException.h; sourceTree = "<group>"; };
		FD125A0916DFB86F003373FF /* zkSoapException.m */ = {isa = PBXFileReference; fileEncoding = 4; lastKnownFileType = sourcecode.c.objc; path = zkSoapException.m; sourceTree = "<group>"; };
		FD125A0A16DFB86F003373FF /* zkSObject.h */ = {isa = PBXFileReference; fileEncoding = 4; lastKnownFileType = sourcecode.c.h; path = zkSObject.h; sourceTree = "<group>"; };
		FD125A0B16DFB86F003373FF /* zkSObject.m */ = {isa = PBXFileReference; fileEncoding = 4; lastKnownFileType = sourcecode.c.objc; path = zkSObject.m; sourceTree = "<group>"; };
		FD125A0C16DFB86F003373FF /* zkUserInfo.h */ = {isa = PBXFileReference; fileEncoding = 4; lastKnownFileType = sourcecode.c.h; path = zkUserInfo.h; sourceTree = "<group>"; };
		FD125A0D16DFB86F003373FF /* zkUserInfo.m */ = {isa = PBXFileReference; fileEncoding = 4; lastKnownFileType = sourcecode.c.objc; path = zkUserInfo.m; sourceTree = "<group>"; };
		FD125A0E16DFB86F003373FF /* zkXmlDeserializer.h */ = {isa = PBXFileReference; fileEncoding = 4; lastKnownFileType = sourcecode.c.h; path = zkXmlDeserializer.h; sourceTree = "<group>"; };
		FD125A0F16DFB86F003373FF /* zkXmlDeserializer.m */ = {isa = PBXFileReference; fileEncoding = 4; lastKnownFileType = sourcecode.c.objc; path = zkXmlDeserializer.m; sourceTree = "<group>"; };
		FD834C7916E56ECD002CE369 /* zkHelper.h */ = {isa = PBXFileReference; fileEncoding = 4; lastKnownFileType = sourcecode.c.h; path = zkHelper.h; sourceTree = "<group>"; };
		FD834C7A16E56ECD002CE369 /* zkHelper.m */ = {isa = PBXFileReference; fileEncoding = 4; lastKnownFileType = sourcecode.c.objc; path = zkHelper.m; sourceTree = "<group>"; };
/* End PBXFileReference section */

/* Begin PBXFrameworksBuildPhase section */
		8D11072E0486CEB800E47090 /* Frameworks */ = {
			isa = PBXFrameworksBuildPhase;
			buildActionMask = 2147483647;
			files = (
				8D11072F0486CEB800E47090 /* Cocoa.framework in Frameworks */,
				F44CC08512B588AE0052D468 /* libxml2.2.dylib in Frameworks */,
			);
			runOnlyForDeploymentPostprocessing = 0;
		};
/* End PBXFrameworksBuildPhase section */

/* Begin PBXGroup section */
		080E96DDFE201D6D7F000001 /* Classes */ = {
			isa = PBXGroup;
			children = (
				256AC3D80F4B6AC300CF3369 /* queryAppDelegate.h */,
				256AC3D90F4B6AC300CF3369 /* queryAppDelegate.m */,
				F44CC08F12B58BA40052D468 /* QueryController.h */,
				F44CC09012B58BA40052D468 /* QueryController.m */,
			);
			name = Classes;
			sourceTree = "<group>";
		};
		1058C7A0FEA54F0111CA2CBB /* Linked Frameworks */ = {
			isa = PBXGroup;
			children = (
				1058C7A1FEA54F0111CA2CBB /* Cocoa.framework */,
				F44CC08412B588AE0052D468 /* libxml2.2.dylib */,
			);
			name = "Linked Frameworks";
			sourceTree = "<group>";
		};
		1058C7A2FEA54F0111CA2CBB /* Other Frameworks */ = {
			isa = PBXGroup;
			children = (
				29B97324FDCFA39411CA2CEA /* AppKit.framework */,
				13E42FB307B3F0F600E4EEF1 /* CoreData.framework */,
				29B97325FDCFA39411CA2CEA /* Foundation.framework */,
			);
			name = "Other Frameworks";
			sourceTree = "<group>";
		};
		19C28FACFE9D520D11CA2CBB /* Products */ = {
			isa = PBXGroup;
			children = (
				8D1107320486CEB800E47090 /* query.app */,
			);
			name = Products;
			sourceTree = "<group>";
		};
		29B97314FDCFA39411CA2CEA /* query */ = {
			isa = PBXGroup;
			children = (
				F4C2983A1364A283009ACB8D /* readme.md */,
				FD1259BE16DFB86F003373FF /* zkSforce */,
				080E96DDFE201D6D7F000001 /* Classes */,
				29B97315FDCFA39411CA2CEA /* Other Sources */,
				29B97317FDCFA39411CA2CEA /* Resources */,
				29B97323FDCFA39411CA2CEA /* Frameworks */,
				19C28FACFE9D520D11CA2CBB /* Products */,
			);
			name = query;
			sourceTree = "<group>";
		};
		29B97315FDCFA39411CA2CEA /* Other Sources */ = {
			isa = PBXGroup;
			children = (
				256AC3F00F4B6AF500CF3369 /* query_Prefix.pch */,
				29B97316FDCFA39411CA2CEA /* main.m */,
			);
			name = "Other Sources";
			sourceTree = "<group>";
		};
		29B97317FDCFA39411CA2CEA /* Resources */ = {
			isa = PBXGroup;
			children = (
				8D1107310486CEB800E47090 /* query-Info.plist */,
				089C165CFE840E0CC02AAC07 /* InfoPlist.strings */,
				1DDD58140DA1D0A300B32029 /* MainMenu.xib */,
			);
			name = Resources;
			sourceTree = "<group>";
		};
		29B97323FDCFA39411CA2CEA /* Frameworks */ = {
			isa = PBXGroup;
			children = (
				1058C7A0FEA54F0111CA2CBB /* Linked Frameworks */,
				1058C7A2FEA54F0111CA2CBB /* Other Frameworks */,
			);
			name = Frameworks;
			sourceTree = "<group>";
		};
		FD1259BE16DFB86F003373FF /* zkSforce */ = {
			isa = PBXGroup;
			children = (
				FD1259BF16DFB86F003373FF /* zkAuthentication.h */,
				FD1259C016DFB86F003373FF /* zkAuthentication.m */,
				FD1259C116DFB86F003373FF /* zkBaseClient.h */,
				FD1259C216DFB86F003373FF /* zkBaseClient.m */,
				FD1259C316DFB86F003373FF /* zkChildRelationship.h */,
				FD1259C416DFB86F003373FF /* zkChildRelationship.m */,
				FD1259C516DFB86F003373FF /* ZKDescribeAvailableQuickActionResult.h */,
				FD1259C616DFB86F003373FF /* ZKDescribeAvailableQuickActionResult.m */,
				FD1259C716DFB86F003373FF /* zkDescribeField.h */,
				FD1259C816DFB86F003373FF /* zkDescribeField.m */,
				FD1259C916DFB86F003373FF /* zkDescribeGlobalSObject.h */,
				FD1259CA16DFB86F003373FF /* zkDescribeGlobalSObject.m */,
				FD1259CB16DFB86F003373FF /* ZKDescribeLayout.h */,
				FD1259CC16DFB86F003373FF /* ZKDescribeLayout.m */,
				FD1259CD16DFB86F003373FF /* ZKDescribeLayoutButton.h */,
				FD1259CE16DFB86F003373FF /* ZKDescribeLayoutButton.m */,
				FD1259CF16DFB86F003373FF /* ZKDescribeLayoutButtonSection.h */,
				FD1259D016DFB86F003373FF /* ZKDescribeLayoutButtonSection.m */,
				FD1259D116DFB86F003373FF /* ZKDescribeLayoutComponent.h */,
				FD1259D216DFB86F003373FF /* ZKDescribeLayoutComponent.m */,
				FD1259D316DFB86F003373FF /* ZKDescribeLayoutItem.h */,
				FD1259D416DFB86F003373FF /* ZKDescribeLayoutItem.m */,
				FD1259D516DFB86F003373FF /* ZKDescribeLayoutResult.h */,
				FD1259D616DFB86F003373FF /* ZKDescribeLayoutResult.m */,
				FD1259D716DFB86F003373FF /* ZKDescribeLayoutRow.h */,
				FD1259D816DFB86F003373FF /* ZKDescribeLayoutRow.m */,
				FD1259D916DFB86F003373FF /* ZKDescribeLayoutSection.h */,
				FD1259DA16DFB86F003373FF /* ZKDescribeLayoutSection.m */,
				FD1259DB16DFB86F003373FF /* ZKDescribeQuickActionResult.h */,
				FD1259DC16DFB86F003373FF /* ZKDescribeQuickActionResult.m */,
				FD1259DD16DFB86F003373FF /* zkDescribeSObject.h */,
				FD1259DE16DFB86F003373FF /* zkDescribeSObject.m */,
				FD1259DF16DFB86F003373FF /* ZKDescribeTab.h */,
				FD1259E016DFB86F003373FF /* ZKDescribeTab.m */,
				FD1259E116DFB86F003373FF /* ZKDescribeTabSetResult.h */,
				FD1259E216DFB86F003373FF /* ZKDescribeTabSetResult.m */,
				FD1259E316DFB86F003373FF /* zkEnvelope.h */,
				FD1259E416DFB86F003373FF /* zkEnvelope.m */,
				FD1259E516DFB86F003373FF /* ZKError.h */,
				FD1259E616DFB86F003373FF /* ZKError.m */,
				FD834C7916E56ECD002CE369 /* zkHelper.h */,
				FD834C7A16E56ECD002CE369 /* zkHelper.m */,
				FD1259E716DFB86F003373FF /* zkLoginResult.h */,
				FD1259E816DFB86F003373FF /* zkLoginResult.m */,
				FD1259E916DFB86F003373FF /* zkParser.h */,
				FD1259EA16DFB86F003373FF /* zkParser.m */,
				FD1259EB16DFB86F003373FF /* ZKPartnerEnvelope.h */,
				FD1259EC16DFB86F003373FF /* ZKPartnerEnvelope.m */,
				FD1259ED16DFB86F003373FF /* ZKPerformQuickActionResult.h */,
				FD1259EE16DFB86F003373FF /* ZKPerformQuickActionResult.m */,
				FD1259EF16DFB86F003373FF /* ZKPicklistEntry.h */,
				FD1259F016DFB86F003373FF /* ZKPicklistEntry.m */,
				FD1259F116DFB86F003373FF /* ZKPicklistForRecordType.h */,
				FD1259F216DFB86F003373FF /* ZKPicklistForRecordType.m */,
				FD1259F316DFB86F003373FF /* zkQueryResult+NSTableView.h */,
				FD1259F416DFB86F003373FF /* zkQueryResult+NSTableView.m */,
				FD1259F516DFB86F003373FF /* zkQueryResult.h */,
				FD1259F616DFB86F003373FF /* zkQueryResult.m */,
				FD1259F716DFB86F003373FF /* ZKRecordTypeInfo.h */,
				FD1259F816DFB86F003373FF /* ZKRecordTypeInfo.m */,
				FD1259F916DFB86F003373FF /* ZKRecordTypeMapping.h */,
				FD1259FA16DFB86F003373FF /* ZKRecordTypeMapping.m */,
				FD1259FB16DFB86F003373FF /* ZKRelatedList.h */,
				FD1259FC16DFB86F003373FF /* ZKRelatedList.m */,
				FD1259FD16DFB86F003373FF /* ZKRelatedListColumn.h */,
				FD1259FE16DFB86F003373FF /* ZKRelatedListColumn.m */,
				FD1259FF16DFB86F003373FF /* ZKRelatedListSort.h */,
				FD125A0016DFB86F003373FF /* ZKRelatedListSort.m */,
				FD125A0116DFB86F003373FF /* zkSaveResult.h */,
				FD125A0216DFB86F003373FF /* zkSaveResult.m */,
				FD125A0316DFB86F003373FF /* zkSforce.h */,
				FD125A0416DFB86F003373FF /* zkSforceClient+zkAsyncQuery.h */,
				FD125A0516DFB86F003373FF /* zkSforceClient+zkAsyncQuery.m */,
				FD125A0616DFB86F003373FF /* zkSforceClient.h */,
				FD125A0716DFB86F003373FF /* zkSforceClient.m */,
				FD125A0816DFB86F003373FF /* zkSoapException.h */,
				FD125A0916DFB86F003373FF /* zkSoapException.m */,
				FD125A0A16DFB86F003373FF /* zkSObject.h */,
				FD125A0B16DFB86F003373FF /* zkSObject.m */,
				FD125A0C16DFB86F003373FF /* zkUserInfo.h */,
				FD125A0D16DFB86F003373FF /* zkUserInfo.m */,
				FD125A0E16DFB86F003373FF /* zkXmlDeserializer.h */,
				FD125A0F16DFB86F003373FF /* zkXmlDeserializer.m */,
			);
			name = zkSforce;
			path = ../../zkSforce;
			sourceTree = "<group>";
		};
/* End PBXGroup section */

/* Begin PBXNativeTarget section */
		8D1107260486CEB800E47090 /* query */ = {
			isa = PBXNativeTarget;
			buildConfigurationList = C01FCF4A08A954540054247B /* Build configuration list for PBXNativeTarget "query" */;
			buildPhases = (
				8D1107290486CEB800E47090 /* Resources */,
				8D11072C0486CEB800E47090 /* Sources */,
				8D11072E0486CEB800E47090 /* Frameworks */,
			);
			buildRules = (
			);
			dependencies = (
			);
			name = query;
			productInstallPath = "$(HOME)/Applications";
			productName = query;
			productReference = 8D1107320486CEB800E47090 /* query.app */;
			productType = "com.apple.product-type.application";
		};
/* End PBXNativeTarget section */

/* Begin PBXProject section */
		29B97313FDCFA39411CA2CEA /* Project object */ = {
			isa = PBXProject;
			buildConfigurationList = C01FCF4E08A954540054247B /* Build configuration list for PBXProject "query" */;
			compatibilityVersion = "Xcode 3.2";
			developmentRegion = English;
			hasScannedForEncodings = 1;
			knownRegions = (
				en,
			);
			mainGroup = 29B97314FDCFA39411CA2CEA /* query */;
			projectDirPath = "";
			projectRoot = "";
			targets = (
				8D1107260486CEB800E47090 /* query */,
			);
		};
/* End PBXProject section */

/* Begin PBXResourcesBuildPhase section */
		8D1107290486CEB800E47090 /* Resources */ = {
			isa = PBXResourcesBuildPhase;
			buildActionMask = 2147483647;
			files = (
				8D11072B0486CEB800E47090 /* InfoPlist.strings in Resources */,
				1DDD58160DA1D0A300B32029 /* MainMenu.xib in Resources */,
				F4C2983B1364A283009ACB8D /* readme.md in Resources */,
			);
			runOnlyForDeploymentPostprocessing = 0;
		};
/* End PBXResourcesBuildPhase section */

/* Begin PBXSourcesBuildPhase section */
		8D11072C0486CEB800E47090 /* Sources */ = {
			isa = PBXSourcesBuildPhase;
			buildActionMask = 2147483647;
			files = (
				8D11072D0486CEB800E47090 /* main.m in Sources */,
				256AC3DA0F4B6AC300CF3369 /* queryAppDelegate.m in Sources */,
				F44CC09112B58BA40052D468 /* QueryController.m in Sources */,
				FD125A1016DFB86F003373FF /* zkAuthentication.m in Sources */,
				FD125A1116DFB86F003373FF /* zkBaseClient.m in Sources */,
				FD125A1216DFB86F003373FF /* zkChildRelationship.m in Sources */,
				FD125A1316DFB86F003373FF /* ZKDescribeAvailableQuickActionResult.m in Sources */,
				FD125A1416DFB86F003373FF /* zkDescribeField.m in Sources */,
				FD125A1516DFB86F003373FF /* zkDescribeGlobalSObject.m in Sources */,
				FD125A1616DFB86F003373FF /* ZKDescribeLayout.m in Sources */,
				FD125A1716DFB86F003373FF /* ZKDescribeLayoutButton.m in Sources */,
				FD125A1816DFB86F003373FF /* ZKDescribeLayoutButtonSection.m in Sources */,
				FD125A1916DFB86F003373FF /* ZKDescribeLayoutComponent.m in Sources */,
				FD125A1A16DFB86F003373FF /* ZKDescribeLayoutItem.m in Sources */,
				FD125A1B16DFB86F003373FF /* ZKDescribeLayoutResult.m in Sources */,
				FD125A1C16DFB86F003373FF /* ZKDescribeLayoutRow.m in Sources */,
				FD125A1D16DFB86F003373FF /* ZKDescribeLayoutSection.m in Sources */,
				FD125A1E16DFB86F003373FF /* ZKDescribeQuickActionResult.m in Sources */,
				FD125A1F16DFB86F003373FF /* zkDescribeSObject.m in Sources */,
				FD125A2016DFB86F003373FF /* ZKDescribeTab.m in Sources */,
				FD125A2116DFB86F003373FF /* ZKDescribeTabSetResult.m in Sources */,
				FD125A2216DFB86F003373FF /* zkEnvelope.m in Sources */,
				FD125A2316DFB86F003373FF /* ZKError.m in Sources */,
				FD125A2416DFB86F003373FF /* zkLoginResult.m in Sources */,
				FD125A2516DFB86F003373FF /* zkParser.m in Sources */,
				FD125A2616DFB86F003373FF /* ZKPartnerEnvelope.m in Sources */,
				FD125A2716DFB86F003373FF /* ZKPerformQuickActionResult.m in Sources */,
				FD125A2816DFB86F003373FF /* ZKPicklistEntry.m in Sources */,
				FD125A2916DFB86F003373FF /* ZKPicklistForRecordType.m in Sources */,
				FD125A2A16DFB86F003373FF /* zkQueryResult+NSTableView.m in Sources */,
				FD125A2B16DFB86F003373FF /* zkQueryResult.m in Sources */,
				FD125A2C16DFB86F003373FF /* ZKRecordTypeInfo.m in Sources */,
				FD125A2D16DFB86F003373FF /* ZKRecordTypeMapping.m in Sources */,
				FD125A2E16DFB86F003373FF /* ZKRelatedList.m in Sources */,
				FD125A2F16DFB86F003373FF /* ZKRelatedListColumn.m in Sources */,
				FD125A3016DFB86F003373FF /* ZKRelatedListSort.m in Sources */,
				FD125A3116DFB86F003373FF /* zkSaveResult.m in Sources */,
				FD125A3216DFB86F003373FF /* zkSforceClient+zkAsyncQuery.m in Sources */,
				FD125A3316DFB86F003373FF /* zkSforceClient.m in Sources */,
				FD125A3416DFB86F003373FF /* zkSoapException.m in Sources */,
				FD125A3516DFB86F003373FF /* zkSObject.m in Sources */,
				FD125A3616DFB86F003373FF /* zkUserInfo.m in Sources */,
				FD125A3716DFB86F003373FF /* zkXmlDeserializer.m in Sources */,
				FD834C7B16E56ECD002CE369 /* zkHelper.m in Sources */,
			);
			runOnlyForDeploymentPostprocessing = 0;
		};
/* End PBXSourcesBuildPhase section */

/* Begin PBXVariantGroup section */
		089C165CFE840E0CC02AAC07 /* InfoPlist.strings */ = {
			isa = PBXVariantGroup;
			children = (
				089C165DFE840E0CC02AAC07 /* English */,
			);
			name = InfoPlist.strings;
			sourceTree = "<group>";
		};
		1DDD58140DA1D0A300B32029 /* MainMenu.xib */ = {
			isa = PBXVariantGroup;
			children = (
				1DDD58150DA1D0A300B32029 /* English */,
			);
			name = MainMenu.xib;
			sourceTree = "<group>";
		};
/* End PBXVariantGroup section */

/* Begin XCBuildConfiguration section */
		C01FCF4B08A954540054247B /* Debug */ = {
			isa = XCBuildConfiguration;
			buildSettings = {
				ALWAYS_SEARCH_USER_PATHS = NO;
				COPY_PHASE_STRIP = NO;
				GCC_DYNAMIC_NO_PIC = NO;
				GCC_ENABLE_FIX_AND_CONTINUE = YES;
				GCC_MODEL_TUNING = G5;
				GCC_OPTIMIZATION_LEVEL = 0;
				GCC_PRECOMPILE_PREFIX_HEADER = YES;
				GCC_PREFIX_HEADER = query_Prefix.pch;
				INFOPLIST_FILE = "query-Info.plist";
				INSTALL_PATH = "$(HOME)/Applications";
				PRODUCT_NAME = query;
				SDKROOT = macosx10.7;
			};
			name = Debug;
		};
		C01FCF4C08A954540054247B /* Release */ = {
			isa = XCBuildConfiguration;
			buildSettings = {
				ALWAYS_SEARCH_USER_PATHS = NO;
				DEBUG_INFORMATION_FORMAT = "dwarf-with-dsym";
				GCC_MODEL_TUNING = G5;
				GCC_PRECOMPILE_PREFIX_HEADER = YES;
				GCC_PREFIX_HEADER = query_Prefix.pch;
				INFOPLIST_FILE = "query-Info.plist";
				INSTALL_PATH = "$(HOME)/Applications";
				PRODUCT_NAME = query;
				SDKROOT = macosx10.7;
			};
			name = Release;
		};
		C01FCF4F08A954540054247B /* Debug */ = {
			isa = XCBuildConfiguration;
			buildSettings = {
				ARCHS = "$(ARCHS_STANDARD_32_64_BIT)";
				GCC_C_LANGUAGE_STANDARD = gnu99;
				GCC_OPTIMIZATION_LEVEL = 0;
				GCC_WARN_ABOUT_RETURN_TYPE = YES;
				GCC_WARN_UNUSED_VARIABLE = YES;
				HEADER_SEARCH_PATHS = /usr/include/libxml2;
				ONLY_ACTIVE_ARCH = YES;
				PREBINDING = NO;
				SDKROOT = macosx10.6;
			};
			name = Debug;
		};
		C01FCF5008A954540054247B /* Release */ = {
			isa = XCBuildConfiguration;
			buildSettings = {
				ARCHS = "$(ARCHS_STANDARD_32_64_BIT)";
				GCC_C_LANGUAGE_STANDARD = gnu99;
				GCC_WARN_ABOUT_RETURN_TYPE = YES;
				GCC_WARN_UNUSED_VARIABLE = YES;
				HEADER_SEARCH_PATHS = /usr/include/libxml2;
				PREBINDING = NO;
				SDKROOT = macosx10.6;
			};
			name = Release;
		};
/* End XCBuildConfiguration section */

/* Begin XCConfigurationList section */
		C01FCF4A08A954540054247B /* Build configuration list for PBXNativeTarget "query" */ = {
			isa = XCConfigurationList;
			buildConfigurations = (
				C01FCF4B08A954540054247B /* Debug */,
				C01FCF4C08A954540054247B /* Release */,
			);
			defaultConfigurationIsVisible = 0;
			defaultConfigurationName = Release;
		};
		C01FCF4E08A954540054247B /* Build configuration list for PBXProject "query" */ = {
			isa = XCConfigurationList;
			buildConfigurations = (
				C01FCF4F08A954540054247B /* Debug */,
				C01FCF5008A954540054247B /* Release */,
			);
			defaultConfigurationIsVisible = 0;
			defaultConfigurationName = Release;
		};
/* End XCConfigurationList section */
	};
	rootObject = 29B97313FDCFA39411CA2CEA /* Project object */;
}
