// !$*UTF8*$!
{
	archiveVersion = 1;
	classes = {
	};
	objectVersion = 46;
	objects = {

/* Begin PBXBuildFile section */
		F4C297A413649C44009ACB8D /* UIKit.framework in Frameworks */ = {isa = PBXBuildFile; fileRef = F4C297A313649C44009ACB8D /* UIKit.framework */; };
		F4C297A613649C44009ACB8D /* Foundation.framework in Frameworks */ = {isa = PBXBuildFile; fileRef = F4C297A513649C44009ACB8D /* Foundation.framework */; };
		F4C297A813649C44009ACB8D /* CoreGraphics.framework in Frameworks */ = {isa = PBXBuildFile; fileRef = F4C297A713649C44009ACB8D /* CoreGraphics.framework */; };
		F4C297AE13649C44009ACB8D /* InfoPlist.strings in Resources */ = {isa = PBXBuildFile; fileRef = F4C297AC13649C44009ACB8D /* InfoPlist.strings */; };
		F4C297B113649C44009ACB8D /* main.m in Sources */ = {isa = PBXBuildFile; fileRef = F4C297B013649C44009ACB8D /* main.m */; };
		F4C297B413649C44009ACB8D /* iOSQueryDemoAppDelegate.m in Sources */ = {isa = PBXBuildFile; fileRef = F4C297B313649C44009ACB8D /* iOSQueryDemoAppDelegate.m */; };
		F4C297BA13649C45009ACB8D /* RootViewController.m in Sources */ = {isa = PBXBuildFile; fileRef = F4C297B913649C45009ACB8D /* RootViewController.m */; };
		F4C297BD13649C45009ACB8D /* RootViewController.xib in Resources */ = {isa = PBXBuildFile; fileRef = F4C297BB13649C45009ACB8D /* RootViewController.xib */; };
		F4C297C613649C54009ACB8D /* MainWindow-iPad.xib in Resources */ = {isa = PBXBuildFile; fileRef = F4C297C413649C54009ACB8D /* MainWindow-iPad.xib */; };
		F4C2982D13649D13009ACB8D /* libxml2.2.dylib in Frameworks */ = {isa = PBXBuildFile; fileRef = F4C2982C13649D13009ACB8D /* libxml2.2.dylib */; };
		FD12599616DFB82F003373FF /* zkAuthentication.m in Sources */ = {isa = PBXBuildFile; fileRef = FD12594616DFB82F003373FF /* zkAuthentication.m */; };
		FD12599716DFB82F003373FF /* zkBaseClient.m in Sources */ = {isa = PBXBuildFile; fileRef = FD12594816DFB82F003373FF /* zkBaseClient.m */; };
		FD12599816DFB82F003373FF /* zkChildRelationship.m in Sources */ = {isa = PBXBuildFile; fileRef = FD12594A16DFB82F003373FF /* zkChildRelationship.m */; };
		FD12599916DFB82F003373FF /* ZKDescribeAvailableQuickActionResult.m in Sources */ = {isa = PBXBuildFile; fileRef = FD12594C16DFB82F003373FF /* ZKDescribeAvailableQuickActionResult.m */; };
		FD12599A16DFB82F003373FF /* zkDescribeField.m in Sources */ = {isa = PBXBuildFile; fileRef = FD12594E16DFB82F003373FF /* zkDescribeField.m */; };
		FD12599B16DFB82F003373FF /* zkDescribeGlobalSObject.m in Sources */ = {isa = PBXBuildFile; fileRef = FD12595016DFB82F003373FF /* zkDescribeGlobalSObject.m */; };
		FD12599C16DFB82F003373FF /* ZKDescribeLayout.m in Sources */ = {isa = PBXBuildFile; fileRef = FD12595216DFB82F003373FF /* ZKDescribeLayout.m */; };
		FD12599D16DFB82F003373FF /* ZKDescribeLayoutButton.m in Sources */ = {isa = PBXBuildFile; fileRef = FD12595416DFB82F003373FF /* ZKDescribeLayoutButton.m */; };
		FD12599E16DFB82F003373FF /* ZKDescribeLayoutButtonSection.m in Sources */ = {isa = PBXBuildFile; fileRef = FD12595616DFB82F003373FF /* ZKDescribeLayoutButtonSection.m */; };
		FD12599F16DFB82F003373FF /* ZKDescribeLayoutComponent.m in Sources */ = {isa = PBXBuildFile; fileRef = FD12595816DFB82F003373FF /* ZKDescribeLayoutComponent.m */; };
		FD1259A016DFB82F003373FF /* ZKDescribeLayoutItem.m in Sources */ = {isa = PBXBuildFile; fileRef = FD12595A16DFB82F003373FF /* ZKDescribeLayoutItem.m */; };
		FD1259A116DFB82F003373FF /* ZKDescribeLayoutResult.m in Sources */ = {isa = PBXBuildFile; fileRef = FD12595C16DFB82F003373FF /* ZKDescribeLayoutResult.m */; };
		FD1259A216DFB82F003373FF /* ZKDescribeLayoutRow.m in Sources */ = {isa = PBXBuildFile; fileRef = FD12595E16DFB82F003373FF /* ZKDescribeLayoutRow.m */; };
		FD1259A316DFB82F003373FF /* ZKDescribeLayoutSection.m in Sources */ = {isa = PBXBuildFile; fileRef = FD12596016DFB82F003373FF /* ZKDescribeLayoutSection.m */; };
		FD1259A416DFB82F003373FF /* ZKDescribeQuickActionResult.m in Sources */ = {isa = PBXBuildFile; fileRef = FD12596216DFB82F003373FF /* ZKDescribeQuickActionResult.m */; };
		FD1259A516DFB82F003373FF /* zkDescribeSObject.m in Sources */ = {isa = PBXBuildFile; fileRef = FD12596416DFB82F003373FF /* zkDescribeSObject.m */; };
		FD1259A616DFB82F003373FF /* ZKDescribeTab.m in Sources */ = {isa = PBXBuildFile; fileRef = FD12596616DFB82F003373FF /* ZKDescribeTab.m */; };
		FD1259A716DFB82F003373FF /* ZKDescribeTabSetResult.m in Sources */ = {isa = PBXBuildFile; fileRef = FD12596816DFB82F003373FF /* ZKDescribeTabSetResult.m */; };
		FD1259A816DFB82F003373FF /* zkEnvelope.m in Sources */ = {isa = PBXBuildFile; fileRef = FD12596A16DFB82F003373FF /* zkEnvelope.m */; };
		FD1259A916DFB82F003373FF /* ZKError.m in Sources */ = {isa = PBXBuildFile; fileRef = FD12596C16DFB82F003373FF /* ZKError.m */; };
		FD1259AA16DFB82F003373FF /* zkLoginResult.m in Sources */ = {isa = PBXBuildFile; fileRef = FD12596E16DFB82F003373FF /* zkLoginResult.m */; };
		FD1259AB16DFB82F003373FF /* zkParser.m in Sources */ = {isa = PBXBuildFile; fileRef = FD12597016DFB82F003373FF /* zkParser.m */; };
		FD1259AC16DFB82F003373FF /* ZKPartnerEnvelope.m in Sources */ = {isa = PBXBuildFile; fileRef = FD12597216DFB82F003373FF /* ZKPartnerEnvelope.m */; };
		FD1259AD16DFB82F003373FF /* ZKPerformQuickActionResult.m in Sources */ = {isa = PBXBuildFile; fileRef = FD12597416DFB82F003373FF /* ZKPerformQuickActionResult.m */; };
		FD1259AE16DFB82F003373FF /* ZKPicklistEntry.m in Sources */ = {isa = PBXBuildFile; fileRef = FD12597616DFB82F003373FF /* ZKPicklistEntry.m */; };
		FD1259AF16DFB82F003373FF /* ZKPicklistForRecordType.m in Sources */ = {isa = PBXBuildFile; fileRef = FD12597816DFB82F003373FF /* ZKPicklistForRecordType.m */; };
		FD1259B016DFB82F003373FF /* zkQueryResult+NSTableView.m in Sources */ = {isa = PBXBuildFile; fileRef = FD12597A16DFB82F003373FF /* zkQueryResult+NSTableView.m */; };
		FD1259B116DFB82F003373FF /* zkQueryResult.m in Sources */ = {isa = PBXBuildFile; fileRef = FD12597C16DFB82F003373FF /* zkQueryResult.m */; };
		FD1259B216DFB82F003373FF /* ZKRecordTypeInfo.m in Sources */ = {isa = PBXBuildFile; fileRef = FD12597E16DFB82F003373FF /* ZKRecordTypeInfo.m */; };
		FD1259B316DFB82F003373FF /* ZKRecordTypeMapping.m in Sources */ = {isa = PBXBuildFile; fileRef = FD12598016DFB82F003373FF /* ZKRecordTypeMapping.m */; };
		FD1259B416DFB82F003373FF /* ZKRelatedList.m in Sources */ = {isa = PBXBuildFile; fileRef = FD12598216DFB82F003373FF /* ZKRelatedList.m */; };
		FD1259B516DFB82F003373FF /* ZKRelatedListColumn.m in Sources */ = {isa = PBXBuildFile; fileRef = FD12598416DFB82F003373FF /* ZKRelatedListColumn.m */; };
		FD1259B616DFB82F003373FF /* ZKRelatedListSort.m in Sources */ = {isa = PBXBuildFile; fileRef = FD12598616DFB82F003373FF /* ZKRelatedListSort.m */; };
		FD1259B716DFB82F003373FF /* zkSaveResult.m in Sources */ = {isa = PBXBuildFile; fileRef = FD12598816DFB82F003373FF /* zkSaveResult.m */; };
		FD1259B816DFB82F003373FF /* zkSforceClient+zkAsyncQuery.m in Sources */ = {isa = PBXBuildFile; fileRef = FD12598B16DFB82F003373FF /* zkSforceClient+zkAsyncQuery.m */; };
		FD1259B916DFB82F003373FF /* zkSforceClient.m in Sources */ = {isa = PBXBuildFile; fileRef = FD12598D16DFB82F003373FF /* zkSforceClient.m */; };
		FD1259BA16DFB82F003373FF /* zkSoapException.m in Sources */ = {isa = PBXBuildFile; fileRef = FD12598F16DFB82F003373FF /* zkSoapException.m */; };
		FD1259BB16DFB82F003373FF /* zkSObject.m in Sources */ = {isa = PBXBuildFile; fileRef = FD12599116DFB82F003373FF /* zkSObject.m */; };
		FD1259BC16DFB82F003373FF /* zkUserInfo.m in Sources */ = {isa = PBXBuildFile; fileRef = FD12599316DFB82F003373FF /* zkUserInfo.m */; };
		FD1259BD16DFB82F003373FF /* zkXmlDeserializer.m in Sources */ = {isa = PBXBuildFile; fileRef = FD12599516DFB82F003373FF /* zkXmlDeserializer.m */; };
/* End PBXBuildFile section */

/* Begin PBXFileReference section */
		F4C2979F13649C44009ACB8D /* iOSQueryDemo.app */ = {isa = PBXFileReference; explicitFileType = wrapper.application; includeInIndex = 0; path = iOSQueryDemo.app; sourceTree = BUILT_PRODUCTS_DIR; };
		F4C297A313649C44009ACB8D /* UIKit.framework */ = {isa = PBXFileReference; lastKnownFileType = wrapper.framework; name = UIKit.framework; path = System/Library/Frameworks/UIKit.framework; sourceTree = SDKROOT; };
		F4C297A513649C44009ACB8D /* Foundation.framework */ = {isa = PBXFileReference; lastKnownFileType = wrapper.framework; name = Foundation.framework; path = System/Library/Frameworks/Foundation.framework; sourceTree = SDKROOT; };
		F4C297A713649C44009ACB8D /* CoreGraphics.framework */ = {isa = PBXFileReference; lastKnownFileType = wrapper.framework; name = CoreGraphics.framework; path = System/Library/Frameworks/CoreGraphics.framework; sourceTree = SDKROOT; };
		F4C297AB13649C44009ACB8D /* iOSQueryDemo-Info.plist */ = {isa = PBXFileReference; lastKnownFileType = text.plist.xml; path = "iOSQueryDemo-Info.plist"; sourceTree = "<group>"; };
		F4C297AD13649C44009ACB8D /* en */ = {isa = PBXFileReference; lastKnownFileType = text.plist.strings; name = en; path = en.lproj/InfoPlist.strings; sourceTree = "<group>"; };
		F4C297AF13649C44009ACB8D /* iOSQueryDemo-Prefix.pch */ = {isa = PBXFileReference; lastKnownFileType = sourcecode.c.h; path = "iOSQueryDemo-Prefix.pch"; sourceTree = "<group>"; };
		F4C297B013649C44009ACB8D /* main.m */ = {isa = PBXFileReference; lastKnownFileType = sourcecode.c.objc; path = main.m; sourceTree = "<group>"; };
		F4C297B213649C44009ACB8D /* iOSQueryDemoAppDelegate.h */ = {isa = PBXFileReference; lastKnownFileType = sourcecode.c.h; path = iOSQueryDemoAppDelegate.h; sourceTree = "<group>"; };
		F4C297B313649C44009ACB8D /* iOSQueryDemoAppDelegate.m */ = {isa = PBXFileReference; lastKnownFileType = sourcecode.c.objc; path = iOSQueryDemoAppDelegate.m; sourceTree = "<group>"; };
		F4C297B813649C45009ACB8D /* RootViewController.h */ = {isa = PBXFileReference; lastKnownFileType = sourcecode.c.h; path = RootViewController.h; sourceTree = "<group>"; };
		F4C297B913649C45009ACB8D /* RootViewController.m */ = {isa = PBXFileReference; lastKnownFileType = sourcecode.c.objc; path = RootViewController.m; sourceTree = "<group>"; };
		F4C297BC13649C45009ACB8D /* en */ = {isa = PBXFileReference; lastKnownFileType = file.xib; name = en; path = en.lproj/RootViewController.xib; sourceTree = "<group>"; };
		F4C297C513649C54009ACB8D /* en */ = {isa = PBXFileReference; lastKnownFileType = file.xib; name = en; path = "iPad/en.lproj/MainWindow-iPad.xib"; sourceTree = "<group>"; };
		F4C2982C13649D13009ACB8D /* libxml2.2.dylib */ = {isa = PBXFileReference; lastKnownFileType = "compiled.mach-o.dylib"; name = libxml2.2.dylib; path = usr/lib/libxml2.2.dylib; sourceTree = SDKROOT; };
		FD12594516DFB82F003373FF /* zkAuthentication.h */ = {isa = PBXFileReference; fileEncoding = 4; lastKnownFileType = sourcecode.c.h; path = zkAuthentication.h; sourceTree = "<group>"; };
		FD12594616DFB82F003373FF /* zkAuthentication.m */ = {isa = PBXFileReference; fileEncoding = 4; lastKnownFileType = sourcecode.c.objc; path = zkAuthentication.m; sourceTree = "<group>"; };
		FD12594716DFB82F003373FF /* zkBaseClient.h */ = {isa = PBXFileReference; fileEncoding = 4; lastKnownFileType = sourcecode.c.h; path = zkBaseClient.h; sourceTree = "<group>"; };
		FD12594816DFB82F003373FF /* zkBaseClient.m */ = {isa = PBXFileReference; fileEncoding = 4; lastKnownFileType = sourcecode.c.objc; path = zkBaseClient.m; sourceTree = "<group>"; };
		FD12594916DFB82F003373FF /* zkChildRelationship.h */ = {isa = PBXFileReference; fileEncoding = 4; lastKnownFileType = sourcecode.c.h; path = zkChildRelationship.h; sourceTree = "<group>"; };
		FD12594A16DFB82F003373FF /* zkChildRelationship.m */ = {isa = PBXFileReference; fileEncoding = 4; lastKnownFileType = sourcecode.c.objc; path = zkChildRelationship.m; sourceTree = "<group>"; };
		FD12594B16DFB82F003373FF /* ZKDescribeAvailableQuickActionResult.h */ = {isa = PBXFileReference; fileEncoding = 4; lastKnownFileType = sourcecode.c.h; path = ZKDescribeAvailableQuickActionResult.h; sourceTree = "<group>"; };
		FD12594C16DFB82F003373FF /* ZKDescribeAvailableQuickActionResult.m */ = {isa = PBXFileReference; fileEncoding = 4; lastKnownFileType = sourcecode.c.objc; path = ZKDescribeAvailableQuickActionResult.m; sourceTree = "<group>"; };
		FD12594D16DFB82F003373FF /* zkDescribeField.h */ = {isa = PBXFileReference; fileEncoding = 4; lastKnownFileType = sourcecode.c.h; path = zkDescribeField.h; sourceTree = "<group>"; };
		FD12594E16DFB82F003373FF /* zkDescribeField.m */ = {isa = PBXFileReference; fileEncoding = 4; lastKnownFileType = sourcecode.c.objc; path = zkDescribeField.m; sourceTree = "<group>"; };
		FD12594F16DFB82F003373FF /* zkDescribeGlobalSObject.h */ = {isa = PBXFileReference; fileEncoding = 4; lastKnownFileType = sourcecode.c.h; path = zkDescribeGlobalSObject.h; sourceTree = "<group>"; };
		FD12595016DFB82F003373FF /* zkDescribeGlobalSObject.m */ = {isa = PBXFileReference; fileEncoding = 4; lastKnownFileType = sourcecode.c.objc; path = zkDescribeGlobalSObject.m; sourceTree = "<group>"; };
		FD12595116DFB82F003373FF /* ZKDescribeLayout.h */ = {isa = PBXFileReference; fileEncoding = 4; lastKnownFileType = sourcecode.c.h; path = ZKDescribeLayout.h; sourceTree = "<group>"; };
		FD12595216DFB82F003373FF /* ZKDescribeLayout.m */ = {isa = PBXFileReference; fileEncoding = 4; lastKnownFileType = sourcecode.c.objc; path = ZKDescribeLayout.m; sourceTree = "<group>"; };
		FD12595316DFB82F003373FF /* ZKDescribeLayoutButton.h */ = {isa = PBXFileReference; fileEncoding = 4; lastKnownFileType = sourcecode.c.h; path = ZKDescribeLayoutButton.h; sourceTree = "<group>"; };
		FD12595416DFB82F003373FF /* ZKDescribeLayoutButton.m */ = {isa = PBXFileReference; fileEncoding = 4; lastKnownFileType = sourcecode.c.objc; path = ZKDescribeLayoutButton.m; sourceTree = "<group>"; };
		FD12595516DFB82F003373FF /* ZKDescribeLayoutButtonSection.h */ = {isa = PBXFileReference; fileEncoding = 4; lastKnownFileType = sourcecode.c.h; path = ZKDescribeLayoutButtonSection.h; sourceTree = "<group>"; };
		FD12595616DFB82F003373FF /* ZKDescribeLayoutButtonSection.m */ = {isa = PBXFileReference; fileEncoding = 4; lastKnownFileType = sourcecode.c.objc; path = ZKDescribeLayoutButtonSection.m; sourceTree = "<group>"; };
		FD12595716DFB82F003373FF /* ZKDescribeLayoutComponent.h */ = {isa = PBXFileReference; fileEncoding = 4; lastKnownFileType = sourcecode.c.h; path = ZKDescribeLayoutComponent.h; sourceTree = "<group>"; };
		FD12595816DFB82F003373FF /* ZKDescribeLayoutComponent.m */ = {isa = PBXFileReference; fileEncoding = 4; lastKnownFileType = sourcecode.c.objc; path = ZKDescribeLayoutComponent.m; sourceTree = "<group>"; };
		FD12595916DFB82F003373FF /* ZKDescribeLayoutItem.h */ = {isa = PBXFileReference; fileEncoding = 4; lastKnownFileType = sourcecode.c.h; path = ZKDescribeLayoutItem.h; sourceTree = "<group>"; };
		FD12595A16DFB82F003373FF /* ZKDescribeLayoutItem.m */ = {isa = PBXFileReference; fileEncoding = 4; lastKnownFileType = sourcecode.c.objc; path = ZKDescribeLayoutItem.m; sourceTree = "<group>"; };
		FD12595B16DFB82F003373FF /* ZKDescribeLayoutResult.h */ = {isa = PBXFileReference; fileEncoding = 4; lastKnownFileType = sourcecode.c.h; path = ZKDescribeLayoutResult.h; sourceTree = "<group>"; };
		FD12595C16DFB82F003373FF /* ZKDescribeLayoutResult.m */ = {isa = PBXFileReference; fileEncoding = 4; lastKnownFileType = sourcecode.c.objc; path = ZKDescribeLayoutResult.m; sourceTree = "<group>"; };
		FD12595D16DFB82F003373FF /* ZKDescribeLayoutRow.h */ = {isa = PBXFileReference; fileEncoding = 4; lastKnownFileType = sourcecode.c.h; path = ZKDescribeLayoutRow.h; sourceTree = "<group>"; };
		FD12595E16DFB82F003373FF /* ZKDescribeLayoutRow.m */ = {isa = PBXFileReference; fileEncoding = 4; lastKnownFileType = sourcecode.c.objc; path = ZKDescribeLayoutRow.m; sourceTree = "<group>"; };
		FD12595F16DFB82F003373FF /* ZKDescribeLayoutSection.h */ = {isa = PBXFileReference; fileEncoding = 4; lastKnownFileType = sourcecode.c.h; path = ZKDescribeLayoutSection.h; sourceTree = "<group>"; };
		FD12596016DFB82F003373FF /* ZKDescribeLayoutSection.m */ = {isa = PBXFileReference; fileEncoding = 4; lastKnownFileType = sourcecode.c.objc; path = ZKDescribeLayoutSection.m; sourceTree = "<group>"; };
		FD12596116DFB82F003373FF /* ZKDescribeQuickActionResult.h */ = {isa = PBXFileReference; fileEncoding = 4; lastKnownFileType = sourcecode.c.h; path = ZKDescribeQuickActionResult.h; sourceTree = "<group>"; };
		FD12596216DFB82F003373FF /* ZKDescribeQuickActionResult.m */ = {isa = PBXFileReference; fileEncoding = 4; lastKnownFileType = sourcecode.c.objc; path = ZKDescribeQuickActionResult.m; sourceTree = "<group>"; };
		FD12596316DFB82F003373FF /* zkDescribeSObject.h */ = {isa = PBXFileReference; fileEncoding = 4; lastKnownFileType = sourcecode.c.h; path = zkDescribeSObject.h; sourceTree = "<group>"; };
		FD12596416DFB82F003373FF /* zkDescribeSObject.m */ = {isa = PBXFileReference; fileEncoding = 4; lastKnownFileType = sourcecode.c.objc; path = zkDescribeSObject.m; sourceTree = "<group>"; };
		FD12596516DFB82F003373FF /* ZKDescribeTab.h */ = {isa = PBXFileReference; fileEncoding = 4; lastKnownFileType = sourcecode.c.h; path = ZKDescribeTab.h; sourceTree = "<group>"; };
		FD12596616DFB82F003373FF /* ZKDescribeTab.m */ = {isa = PBXFileReference; fileEncoding = 4; lastKnownFileType = sourcecode.c.objc; path = ZKDescribeTab.m; sourceTree = "<group>"; };
		FD12596716DFB82F003373FF /* ZKDescribeTabSetResult.h */ = {isa = PBXFileReference; fileEncoding = 4; lastKnownFileType = sourcecode.c.h; path = ZKDescribeTabSetResult.h; sourceTree = "<group>"; };
		FD12596816DFB82F003373FF /* ZKDescribeTabSetResult.m */ = {isa = PBXFileReference; fileEncoding = 4; lastKnownFileType = sourcecode.c.objc; path = ZKDescribeTabSetResult.m; sourceTree = "<group>"; };
		FD12596916DFB82F003373FF /* zkEnvelope.h */ = {isa = PBXFileReference; fileEncoding = 4; lastKnownFileType = sourcecode.c.h; path = zkEnvelope.h; sourceTree = "<group>"; };
		FD12596A16DFB82F003373FF /* zkEnvelope.m */ = {isa = PBXFileReference; fileEncoding = 4; lastKnownFileType = sourcecode.c.objc; path = zkEnvelope.m; sourceTree = "<group>"; };
		FD12596B16DFB82F003373FF /* ZKError.h */ = {isa = PBXFileReference; fileEncoding = 4; lastKnownFileType = sourcecode.c.h; path = ZKError.h; sourceTree = "<group>"; };
		FD12596C16DFB82F003373FF /* ZKError.m */ = {isa = PBXFileReference; fileEncoding = 4; lastKnownFileType = sourcecode.c.objc; path = ZKError.m; sourceTree = "<group>"; };
		FD12596D16DFB82F003373FF /* zkLoginResult.h */ = {isa = PBXFileReference; fileEncoding = 4; lastKnownFileType = sourcecode.c.h; path = zkLoginResult.h; sourceTree = "<group>"; };
		FD12596E16DFB82F003373FF /* zkLoginResult.m */ = {isa = PBXFileReference; fileEncoding = 4; lastKnownFileType = sourcecode.c.objc; path = zkLoginResult.m; sourceTree = "<group>"; };
		FD12596F16DFB82F003373FF /* zkParser.h */ = {isa = PBXFileReference; fileEncoding = 4; lastKnownFileType = sourcecode.c.h; path = zkParser.h; sourceTree = "<group>"; };
		FD12597016DFB82F003373FF /* zkParser.m */ = {isa = PBXFileReference; fileEncoding = 4; lastKnownFileType = sourcecode.c.objc; path = zkParser.m; sourceTree = "<group>"; };
		FD12597116DFB82F003373FF /* ZKPartnerEnvelope.h */ = {isa = PBXFileReference; fileEncoding = 4; lastKnownFileType = sourcecode.c.h; path = ZKPartnerEnvelope.h; sourceTree = "<group>"; };
		FD12597216DFB82F003373FF /* ZKPartnerEnvelope.m */ = {isa = PBXFileReference; fileEncoding = 4; lastKnownFileType = sourcecode.c.objc; path = ZKPartnerEnvelope.m; sourceTree = "<group>"; };
		FD12597316DFB82F003373FF /* ZKPerformQuickActionResult.h */ = {isa = PBXFileReference; fileEncoding = 4; lastKnownFileType = sourcecode.c.h; path = ZKPerformQuickActionResult.h; sourceTree = "<group>"; };
		FD12597416DFB82F003373FF /* ZKPerformQuickActionResult.m */ = {isa = PBXFileReference; fileEncoding = 4; lastKnownFileType = sourcecode.c.objc; path = ZKPerformQuickActionResult.m; sourceTree = "<group>"; };
		FD12597516DFB82F003373FF /* ZKPicklistEntry.h */ = {isa = PBXFileReference; fileEncoding = 4; lastKnownFileType = sourcecode.c.h; path = ZKPicklistEntry.h; sourceTree = "<group>"; };
		FD12597616DFB82F003373FF /* ZKPicklistEntry.m */ = {isa = PBXFileReference; fileEncoding = 4; lastKnownFileType = sourcecode.c.objc; path = ZKPicklistEntry.m; sourceTree = "<group>"; };
		FD12597716DFB82F003373FF /* ZKPicklistForRecordType.h */ = {isa = PBXFileReference; fileEncoding = 4; lastKnownFileType = sourcecode.c.h; path = ZKPicklistForRecordType.h; sourceTree = "<group>"; };
		FD12597816DFB82F003373FF /* ZKPicklistForRecordType.m */ = {isa = PBXFileReference; fileEncoding = 4; lastKnownFileType = sourcecode.c.objc; path = ZKPicklistForRecordType.m; sourceTree = "<group>"; };
		FD12597916DFB82F003373FF /* zkQueryResult+NSTableView.h */ = {isa = PBXFileReference; fileEncoding = 4; lastKnownFileType = sourcecode.c.h; path = "zkQueryResult+NSTableView.h"; sourceTree = "<group>"; };
		FD12597A16DFB82F003373FF /* zkQueryResult+NSTableView.m */ = {isa = PBXFileReference; fileEncoding = 4; lastKnownFileType = sourcecode.c.objc; path = "zkQueryResult+NSTableView.m"; sourceTree = "<group>"; };
		FD12597B16DFB82F003373FF /* zkQueryResult.h */ = {isa = PBXFileReference; fileEncoding = 4; lastKnownFileType = sourcecode.c.h; path = zkQueryResult.h; sourceTree = "<group>"; };
		FD12597C16DFB82F003373FF /* zkQueryResult.m */ = {isa = PBXFileReference; fileEncoding = 4; lastKnownFileType = sourcecode.c.objc; path = zkQueryResult.m; sourceTree = "<group>"; };
		FD12597D16DFB82F003373FF /* ZKRecordTypeInfo.h */ = {isa = PBXFileReference; fileEncoding = 4; lastKnownFileType = sourcecode.c.h; path = ZKRecordTypeInfo.h; sourceTree = "<group>"; };
		FD12597E16DFB82F003373FF /* ZKRecordTypeInfo.m */ = {isa = PBXFileReference; fileEncoding = 4; lastKnownFileType = sourcecode.c.objc; path = ZKRecordTypeInfo.m; sourceTree = "<group>"; };
		FD12597F16DFB82F003373FF /* ZKRecordTypeMapping.h */ = {isa = PBXFileReference; fileEncoding = 4; lastKnownFileType = sourcecode.c.h; path = ZKRecordTypeMapping.h; sourceTree = "<group>"; };
		FD12598016DFB82F003373FF /* ZKRecordTypeMapping.m */ = {isa = PBXFileReference; fileEncoding = 4; lastKnownFileType = sourcecode.c.objc; path = ZKRecordTypeMapping.m; sourceTree = "<group>"; };
		FD12598116DFB82F003373FF /* ZKRelatedList.h */ = {isa = PBXFileReference; fileEncoding = 4; lastKnownFileType = sourcecode.c.h; path = ZKRelatedList.h; sourceTree = "<group>"; };
		FD12598216DFB82F003373FF /* ZKRelatedList.m */ = {isa = PBXFileReference; fileEncoding = 4; lastKnownFileType = sourcecode.c.objc; path = ZKRelatedList.m; sourceTree = "<group>"; };
		FD12598316DFB82F003373FF /* ZKRelatedListColumn.h */ = {isa = PBXFileReference; fileEncoding = 4; lastKnownFileType = sourcecode.c.h; path = ZKRelatedListColumn.h; sourceTree = "<group>"; };
		FD12598416DFB82F003373FF /* ZKRelatedListColumn.m */ = {isa = PBXFileReference; fileEncoding = 4; lastKnownFileType = sourcecode.c.objc; path = ZKRelatedListColumn.m; sourceTree = "<group>"; };
		FD12598516DFB82F003373FF /* ZKRelatedListSort.h */ = {isa = PBXFileReference; fileEncoding = 4; lastKnownFileType = sourcecode.c.h; path = ZKRelatedListSort.h; sourceTree = "<group>"; };
		FD12598616DFB82F003373FF /* ZKRelatedListSort.m */ = {isa = PBXFileReference; fileEncoding = 4; lastKnownFileType = sourcecode.c.objc; path = ZKRelatedListSort.m; sourceTree = "<group>"; };
		FD12598716DFB82F003373FF /* zkSaveResult.h */ = {isa = PBXFileReference; fileEncoding = 4; lastKnownFileType = sourcecode.c.h; path = zkSaveResult.h; sourceTree = "<group>"; };
		FD12598816DFB82F003373FF /* zkSaveResult.m */ = {isa = PBXFileReference; fileEncoding = 4; lastKnownFileType = sourcecode.c.objc; path = zkSaveResult.m; sourceTree = "<group>"; };
		FD12598916DFB82F003373FF /* zkSforce.h */ = {isa = PBXFileReference; fileEncoding = 4; lastKnownFileType = sourcecode.c.h; path = zkSforce.h; sourceTree = "<group>"; };
		FD12598A16DFB82F003373FF /* zkSforceClient+zkAsyncQuery.h */ = {isa = PBXFileReference; fileEncoding = 4; lastKnownFileType = sourcecode.c.h; path = "zkSforceClient+zkAsyncQuery.h"; sourceTree = "<group>"; };
		FD12598B16DFB82F003373FF /* zkSforceClient+zkAsyncQuery.m */ = {isa = PBXFileReference; fileEncoding = 4; lastKnownFileType = sourcecode.c.objc; path = "zkSforceClient+zkAsyncQuery.m"; sourceTree = "<group>"; };
		FD12598C16DFB82F003373FF /* zkSforceClient.h */ = {isa = PBXFileReference; fileEncoding = 4; lastKnownFileType = sourcecode.c.h; path = zkSforceClient.h; sourceTree = "<group>"; };
		FD12598D16DFB82F003373FF /* zkSforceClient.m */ = {isa = PBXFileReference; fileEncoding = 4; lastKnownFileType = sourcecode.c.objc; path = zkSforceClient.m; sourceTree = "<group>"; };
		FD12598E16DFB82F003373FF /* zkSoapException.h */ = {isa = PBXFileReference; fileEncoding = 4; lastKnownFileType = sourcecode.c.h; path = zkSoapException.h; sourceTree = "<group>"; };
		FD12598F16DFB82F003373FF /* zkSoapException.m */ = {isa = PBXFileReference; fileEncoding = 4; lastKnownFileType = sourcecode.c.objc; path = zkSoapException.m; sourceTree = "<group>"; };
		FD12599016DFB82F003373FF /* zkSObject.h */ = {isa = PBXFileReference; fileEncoding = 4; lastKnownFileType = sourcecode.c.h; path = zkSObject.h; sourceTree = "<group>"; };
		FD12599116DFB82F003373FF /* zkSObject.m */ = {isa = PBXFileReference; fileEncoding = 4; lastKnownFileType = sourcecode.c.objc; path = zkSObject.m; sourceTree = "<group>"; };
		FD12599216DFB82F003373FF /* zkUserInfo.h */ = {isa = PBXFileReference; fileEncoding = 4; lastKnownFileType = sourcecode.c.h; path = zkUserInfo.h; sourceTree = "<group>"; };
		FD12599316DFB82F003373FF /* zkUserInfo.m */ = {isa = PBXFileReference; fileEncoding = 4; lastKnownFileType = sourcecode.c.objc; path = zkUserInfo.m; sourceTree = "<group>"; };
		FD12599416DFB82F003373FF /* zkXmlDeserializer.h */ = {isa = PBXFileReference; fileEncoding = 4; lastKnownFileType = sourcecode.c.h; path = zkXmlDeserializer.h; sourceTree = "<group>"; };
		FD12599516DFB82F003373FF /* zkXmlDeserializer.m */ = {isa = PBXFileReference; fileEncoding = 4; lastKnownFileType = sourcecode.c.objc; path = zkXmlDeserializer.m; sourceTree = "<group>"; };
/* End PBXFileReference section */

/* Begin PBXFrameworksBuildPhase section */
		F4C2979C13649C44009ACB8D /* Frameworks */ = {
			isa = PBXFrameworksBuildPhase;
			buildActionMask = 2147483647;
			files = (
				F4C2982D13649D13009ACB8D /* libxml2.2.dylib in Frameworks */,
				F4C297A413649C44009ACB8D /* UIKit.framework in Frameworks */,
				F4C297A613649C44009ACB8D /* Foundation.framework in Frameworks */,
				F4C297A813649C44009ACB8D /* CoreGraphics.framework in Frameworks */,
			);
			runOnlyForDeploymentPostprocessing = 0;
		};
/* End PBXFrameworksBuildPhase section */

/* Begin PBXGroup section */
		F4C2979413649C44009ACB8D = {
			isa = PBXGroup;
			children = (
				F4C2982C13649D13009ACB8D /* libxml2.2.dylib */,
				F4C297A913649C44009ACB8D /* iOSQueryDemo */,
				F4C297A213649C44009ACB8D /* Frameworks */,
				F4C297A013649C44009ACB8D /* Products */,
			);
			sourceTree = "<group>";
		};
		F4C297A013649C44009ACB8D /* Products */ = {
			isa = PBXGroup;
			children = (
				F4C2979F13649C44009ACB8D /* iOSQueryDemo.app */,
			);
			name = Products;
			sourceTree = "<group>";
		};
		F4C297A213649C44009ACB8D /* Frameworks */ = {
			isa = PBXGroup;
			children = (
				F4C297A313649C44009ACB8D /* UIKit.framework */,
				F4C297A513649C44009ACB8D /* Foundation.framework */,
				F4C297A713649C44009ACB8D /* CoreGraphics.framework */,
			);
			name = Frameworks;
			sourceTree = "<group>";
		};
		F4C297A913649C44009ACB8D /* iOSQueryDemo */ = {
			isa = PBXGroup;
			children = (
				FD12594416DFB82F003373FF /* zkSforce */,
				F4C297C313649C53009ACB8D /* iPad */,
				F4C297B213649C44009ACB8D /* iOSQueryDemoAppDelegate.h */,
				F4C297B313649C44009ACB8D /* iOSQueryDemoAppDelegate.m */,
				F4C297B813649C45009ACB8D /* RootViewController.h */,
				F4C297B913649C45009ACB8D /* RootViewController.m */,
				F4C297BB13649C45009ACB8D /* RootViewController.xib */,
				F4C297AA13649C44009ACB8D /* Supporting Files */,
			);
			path = iOSQueryDemo;
			sourceTree = "<group>";
		};
		F4C297AA13649C44009ACB8D /* Supporting Files */ = {
			isa = PBXGroup;
			children = (
				F4C297AB13649C44009ACB8D /* iOSQueryDemo-Info.plist */,
				F4C297AC13649C44009ACB8D /* InfoPlist.strings */,
				F4C297AF13649C44009ACB8D /* iOSQueryDemo-Prefix.pch */,
				F4C297B013649C44009ACB8D /* main.m */,
			);
			name = "Supporting Files";
			sourceTree = "<group>";
		};
		F4C297C313649C53009ACB8D /* iPad */ = {
			isa = PBXGroup;
			children = (
				F4C297C413649C54009ACB8D /* MainWindow-iPad.xib */,
			);
			name = iPad;
			sourceTree = "<group>";
		};
		FD12594416DFB82F003373FF /* zkSforce */ = {
			isa = PBXGroup;
			children = (
				FD12594516DFB82F003373FF /* zkAuthentication.h */,
				FD12594616DFB82F003373FF /* zkAuthentication.m */,
				FD12594716DFB82F003373FF /* zkBaseClient.h */,
				FD12594816DFB82F003373FF /* zkBaseClient.m */,
				FD12594916DFB82F003373FF /* zkChildRelationship.h */,
				FD12594A16DFB82F003373FF /* zkChildRelationship.m */,
				FD12594B16DFB82F003373FF /* ZKDescribeAvailableQuickActionResult.h */,
				FD12594C16DFB82F003373FF /* ZKDescribeAvailableQuickActionResult.m */,
				FD12594D16DFB82F003373FF /* zkDescribeField.h */,
				FD12594E16DFB82F003373FF /* zkDescribeField.m */,
				FD12594F16DFB82F003373FF /* zkDescribeGlobalSObject.h */,
				FD12595016DFB82F003373FF /* zkDescribeGlobalSObject.m */,
				FD12595116DFB82F003373FF /* ZKDescribeLayout.h */,
				FD12595216DFB82F003373FF /* ZKDescribeLayout.m */,
				FD12595316DFB82F003373FF /* ZKDescribeLayoutButton.h */,
				FD12595416DFB82F003373FF /* ZKDescribeLayoutButton.m */,
				FD12595516DFB82F003373FF /* ZKDescribeLayoutButtonSection.h */,
				FD12595616DFB82F003373FF /* ZKDescribeLayoutButtonSection.m */,
				FD12595716DFB82F003373FF /* ZKDescribeLayoutComponent.h */,
				FD12595816DFB82F003373FF /* ZKDescribeLayoutComponent.m */,
				FD12595916DFB82F003373FF /* ZKDescribeLayoutItem.h */,
				FD12595A16DFB82F003373FF /* ZKDescribeLayoutItem.m */,
				FD12595B16DFB82F003373FF /* ZKDescribeLayoutResult.h */,
				FD12595C16DFB82F003373FF /* ZKDescribeLayoutResult.m */,
				FD12595D16DFB82F003373FF /* ZKDescribeLayoutRow.h */,
				FD12595E16DFB82F003373FF /* ZKDescribeLayoutRow.m */,
				FD12595F16DFB82F003373FF /* ZKDescribeLayoutSection.h */,
				FD12596016DFB82F003373FF /* ZKDescribeLayoutSection.m */,
				FD12596116DFB82F003373FF /* ZKDescribeQuickActionResult.h */,
				FD12596216DFB82F003373FF /* ZKDescribeQuickActionResult.m */,
				FD12596316DFB82F003373FF /* zkDescribeSObject.h */,
				FD12596416DFB82F003373FF /* zkDescribeSObject.m */,
				FD12596516DFB82F003373FF /* ZKDescribeTab.h */,
				FD12596616DFB82F003373FF /* ZKDescribeTab.m */,
				FD12596716DFB82F003373FF /* ZKDescribeTabSetResult.h */,
				FD12596816DFB82F003373FF /* ZKDescribeTabSetResult.m */,
				FD12596916DFB82F003373FF /* zkEnvelope.h */,
				FD12596A16DFB82F003373FF /* zkEnvelope.m */,
				FD12596B16DFB82F003373FF /* ZKError.h */,
				FD12596C16DFB82F003373FF /* ZKError.m */,
				FD12596D16DFB82F003373FF /* zkLoginResult.h */,
				FD12596E16DFB82F003373FF /* zkLoginResult.m */,
				FD12596F16DFB82F003373FF /* zkParser.h */,
				FD12597016DFB82F003373FF /* zkParser.m */,
				FD12597116DFB82F003373FF /* ZKPartnerEnvelope.h */,
				FD12597216DFB82F003373FF /* ZKPartnerEnvelope.m */,
				FD12597316DFB82F003373FF /* ZKPerformQuickActionResult.h */,
				FD12597416DFB82F003373FF /* ZKPerformQuickActionResult.m */,
				FD12597516DFB82F003373FF /* ZKPicklistEntry.h */,
				FD12597616DFB82F003373FF /* ZKPicklistEntry.m */,
				FD12597716DFB82F003373FF /* ZKPicklistForRecordType.h */,
				FD12597816DFB82F003373FF /* ZKPicklistForRecordType.m */,
				FD12597916DFB82F003373FF /* zkQueryResult+NSTableView.h */,
				FD12597A16DFB82F003373FF /* zkQueryResult+NSTableView.m */,
				FD12597B16DFB82F003373FF /* zkQueryResult.h */,
				FD12597C16DFB82F003373FF /* zkQueryResult.m */,
				FD12597D16DFB82F003373FF /* ZKRecordTypeInfo.h */,
				FD12597E16DFB82F003373FF /* ZKRecordTypeInfo.m */,
				FD12597F16DFB82F003373FF /* ZKRecordTypeMapping.h */,
				FD12598016DFB82F003373FF /* ZKRecordTypeMapping.m */,
				FD12598116DFB82F003373FF /* ZKRelatedList.h */,
				FD12598216DFB82F003373FF /* ZKRelatedList.m */,
				FD12598316DFB82F003373FF /* ZKRelatedListColumn.h */,
				FD12598416DFB82F003373FF /* ZKRelatedListColumn.m */,
				FD12598516DFB82F003373FF /* ZKRelatedListSort.h */,
				FD12598616DFB82F003373FF /* ZKRelatedListSort.m */,
				FD12598716DFB82F003373FF /* zkSaveResult.h */,
				FD12598816DFB82F003373FF /* zkSaveResult.m */,
				FD12598916DFB82F003373FF /* zkSforce.h */,
				FD12598A16DFB82F003373FF /* zkSforceClient+zkAsyncQuery.h */,
				FD12598B16DFB82F003373FF /* zkSforceClient+zkAsyncQuery.m */,
				FD12598C16DFB82F003373FF /* zkSforceClient.h */,
				FD12598D16DFB82F003373FF /* zkSforceClient.m */,
				FD12598E16DFB82F003373FF /* zkSoapException.h */,
				FD12598F16DFB82F003373FF /* zkSoapException.m */,
				FD12599016DFB82F003373FF /* zkSObject.h */,
				FD12599116DFB82F003373FF /* zkSObject.m */,
				FD12599216DFB82F003373FF /* zkUserInfo.h */,
				FD12599316DFB82F003373FF /* zkUserInfo.m */,
				FD12599416DFB82F003373FF /* zkXmlDeserializer.h */,
				FD12599516DFB82F003373FF /* zkXmlDeserializer.m */,
			);
			name = zkSforce;
			path = ../../../zkSforce;
			sourceTree = "<group>";
		};
/* End PBXGroup section */

/* Begin PBXNativeTarget section */
		F4C2979E13649C44009ACB8D /* iOSQueryDemo */ = {
			isa = PBXNativeTarget;
			buildConfigurationList = F4C297C013649C45009ACB8D /* Build configuration list for PBXNativeTarget "iOSQueryDemo" */;
			buildPhases = (
				F4C2979B13649C44009ACB8D /* Sources */,
				F4C2979C13649C44009ACB8D /* Frameworks */,
				F4C2979D13649C44009ACB8D /* Resources */,
			);
			buildRules = (
			);
			dependencies = (
			);
			name = iOSQueryDemo;
			productName = iOSQueryDemo;
			productReference = F4C2979F13649C44009ACB8D /* iOSQueryDemo.app */;
			productType = "com.apple.product-type.application";
		};
/* End PBXNativeTarget section */

/* Begin PBXProject section */
		F4C2979613649C44009ACB8D /* Project object */ = {
			isa = PBXProject;
			attributes = {
				ORGANIZATIONNAME = Salesforce.com;
			};
			buildConfigurationList = F4C2979913649C44009ACB8D /* Build configuration list for PBXProject "iOSQueryDemo" */;
			compatibilityVersion = "Xcode 3.2";
			developmentRegion = English;
			hasScannedForEncodings = 0;
			knownRegions = (
				en,
			);
			mainGroup = F4C2979413649C44009ACB8D;
			productRefGroup = F4C297A013649C44009ACB8D /* Products */;
			projectDirPath = "";
			projectRoot = "";
			targets = (
				F4C2979E13649C44009ACB8D /* iOSQueryDemo */,
			);
		};
/* End PBXProject section */

/* Begin PBXResourcesBuildPhase section */
		F4C2979D13649C44009ACB8D /* Resources */ = {
			isa = PBXResourcesBuildPhase;
			buildActionMask = 2147483647;
			files = (
				F4C297AE13649C44009ACB8D /* InfoPlist.strings in Resources */,
				F4C297BD13649C45009ACB8D /* RootViewController.xib in Resources */,
				F4C297C613649C54009ACB8D /* MainWindow-iPad.xib in Resources */,
			);
			runOnlyForDeploymentPostprocessing = 0;
		};
/* End PBXResourcesBuildPhase section */

/* Begin PBXSourcesBuildPhase section */
		F4C2979B13649C44009ACB8D /* Sources */ = {
			isa = PBXSourcesBuildPhase;
			buildActionMask = 2147483647;
			files = (
				F4C297B113649C44009ACB8D /* main.m in Sources */,
				F4C297B413649C44009ACB8D /* iOSQueryDemoAppDelegate.m in Sources */,
				F4C297BA13649C45009ACB8D /* RootViewController.m in Sources */,
				FD12599616DFB82F003373FF /* zkAuthentication.m in Sources */,
				FD12599716DFB82F003373FF /* zkBaseClient.m in Sources */,
				FD12599816DFB82F003373FF /* zkChildRelationship.m in Sources */,
				FD12599916DFB82F003373FF /* ZKDescribeAvailableQuickActionResult.m in Sources */,
				FD12599A16DFB82F003373FF /* zkDescribeField.m in Sources */,
				FD12599B16DFB82F003373FF /* zkDescribeGlobalSObject.m in Sources */,
				FD12599C16DFB82F003373FF /* ZKDescribeLayout.m in Sources */,
				FD12599D16DFB82F003373FF /* ZKDescribeLayoutButton.m in Sources */,
				FD12599E16DFB82F003373FF /* ZKDescribeLayoutButtonSection.m in Sources */,
				FD12599F16DFB82F003373FF /* ZKDescribeLayoutComponent.m in Sources */,
				FD1259A016DFB82F003373FF /* ZKDescribeLayoutItem.m in Sources */,
				FD1259A116DFB82F003373FF /* ZKDescribeLayoutResult.m in Sources */,
				FD1259A216DFB82F003373FF /* ZKDescribeLayoutRow.m in Sources */,
				FD1259A316DFB82F003373FF /* ZKDescribeLayoutSection.m in Sources */,
				FD1259A416DFB82F003373FF /* ZKDescribeQuickActionResult.m in Sources */,
				FD1259A516DFB82F003373FF /* zkDescribeSObject.m in Sources */,
				FD1259A616DFB82F003373FF /* ZKDescribeTab.m in Sources */,
				FD1259A716DFB82F003373FF /* ZKDescribeTabSetResult.m in Sources */,
				FD1259A816DFB82F003373FF /* zkEnvelope.m in Sources */,
				FD1259A916DFB82F003373FF /* ZKError.m in Sources */,
				FD1259AA16DFB82F003373FF /* zkLoginResult.m in Sources */,
				FD1259AB16DFB82F003373FF /* zkParser.m in Sources */,
				FD1259AC16DFB82F003373FF /* ZKPartnerEnvelope.m in Sources */,
				FD1259AD16DFB82F003373FF /* ZKPerformQuickActionResult.m in Sources */,
				FD1259AE16DFB82F003373FF /* ZKPicklistEntry.m in Sources */,
				FD1259AF16DFB82F003373FF /* ZKPicklistForRecordType.m in Sources */,
				FD1259B016DFB82F003373FF /* zkQueryResult+NSTableView.m in Sources */,
				FD1259B116DFB82F003373FF /* zkQueryResult.m in Sources */,
				FD1259B216DFB82F003373FF /* ZKRecordTypeInfo.m in Sources */,
				FD1259B316DFB82F003373FF /* ZKRecordTypeMapping.m in Sources */,
				FD1259B416DFB82F003373FF /* ZKRelatedList.m in Sources */,
				FD1259B516DFB82F003373FF /* ZKRelatedListColumn.m in Sources */,
				FD1259B616DFB82F003373FF /* ZKRelatedListSort.m in Sources */,
				FD1259B716DFB82F003373FF /* zkSaveResult.m in Sources */,
				FD1259B816DFB82F003373FF /* zkSforceClient+zkAsyncQuery.m in Sources */,
				FD1259B916DFB82F003373FF /* zkSforceClient.m in Sources */,
				FD1259BA16DFB82F003373FF /* zkSoapException.m in Sources */,
				FD1259BB16DFB82F003373FF /* zkSObject.m in Sources */,
				FD1259BC16DFB82F003373FF /* zkUserInfo.m in Sources */,
				FD1259BD16DFB82F003373FF /* zkXmlDeserializer.m in Sources */,
			);
			runOnlyForDeploymentPostprocessing = 0;
		};
/* End PBXSourcesBuildPhase section */

/* Begin PBXVariantGroup section */
		F4C297AC13649C44009ACB8D /* InfoPlist.strings */ = {
			isa = PBXVariantGroup;
			children = (
				F4C297AD13649C44009ACB8D /* en */,
			);
			name = InfoPlist.strings;
			sourceTree = "<group>";
		};
		F4C297BB13649C45009ACB8D /* RootViewController.xib */ = {
			isa = PBXVariantGroup;
			children = (
				F4C297BC13649C45009ACB8D /* en */,
			);
			name = RootViewController.xib;
			sourceTree = "<group>";
		};
		F4C297C413649C54009ACB8D /* MainWindow-iPad.xib */ = {
			isa = PBXVariantGroup;
			children = (
				F4C297C513649C54009ACB8D /* en */,
			);
			name = "MainWindow-iPad.xib";
			sourceTree = "<group>";
		};
/* End PBXVariantGroup section */

/* Begin XCBuildConfiguration section */
		F4C297BE13649C45009ACB8D /* Debug */ = {
			isa = XCBuildConfiguration;
			buildSettings = {
				ARCHS = "$(ARCHS_STANDARD_32_BIT)";
				"CODE_SIGN_IDENTITY[sdk=iphoneos*]" = "iPhone Developer";
				GCC_C_LANGUAGE_STANDARD = gnu99;
				GCC_OPTIMIZATION_LEVEL = 0;
				GCC_PREPROCESSOR_DEFINITIONS = DEBUG;
				GCC_SYMBOLS_PRIVATE_EXTERN = NO;
				GCC_VERSION = com.apple.compilers.llvmgcc42;
				GCC_WARN_ABOUT_RETURN_TYPE = YES;
				GCC_WARN_UNUSED_VARIABLE = YES;
				IPHONEOS_DEPLOYMENT_TARGET = 4.3;
				SDKROOT = iphoneos;
			};
			name = Debug;
		};
		F4C297BF13649C45009ACB8D /* Release */ = {
			isa = XCBuildConfiguration;
			buildSettings = {
				ARCHS = "$(ARCHS_STANDARD_32_BIT)";
				"CODE_SIGN_IDENTITY[sdk=iphoneos*]" = "iPhone Developer";
				GCC_C_LANGUAGE_STANDARD = gnu99;
				GCC_VERSION = com.apple.compilers.llvmgcc42;
				GCC_WARN_ABOUT_RETURN_TYPE = YES;
				GCC_WARN_UNUSED_VARIABLE = YES;
				IPHONEOS_DEPLOYMENT_TARGET = 4.3;
				OTHER_CFLAGS = "-DNS_BLOCK_ASSERTIONS=1";
				SDKROOT = iphoneos;
			};
			name = Release;
		};
		F4C297C113649C45009ACB8D /* Debug */ = {
			isa = XCBuildConfiguration;
			buildSettings = {
				ALWAYS_SEARCH_USER_PATHS = NO;
				COPY_PHASE_STRIP = NO;
				GCC_DYNAMIC_NO_PIC = NO;
				GCC_PRECOMPILE_PREFIX_HEADER = YES;
				GCC_PREFIX_HEADER = "iOSQueryDemo/iOSQueryDemo-Prefix.pch";
				HEADER_SEARCH_PATHS = /usr/include/libxml2;
				INFOPLIST_FILE = "iOSQueryDemo/iOSQueryDemo-Info.plist";
				IPHONEOS_DEPLOYMENT_TARGET = 4.3;
				PRODUCT_NAME = "$(TARGET_NAME)";
				TARGETED_DEVICE_FAMILY = 2;
				WRAPPER_EXTENSION = app;
			};
			name = Debug;
		};
		F4C297C213649C45009ACB8D /* Release */ = {
			isa = XCBuildConfiguration;
			buildSettings = {
				ALWAYS_SEARCH_USER_PATHS = NO;
				COPY_PHASE_STRIP = YES;
				GCC_PRECOMPILE_PREFIX_HEADER = YES;
				GCC_PREFIX_HEADER = "iOSQueryDemo/iOSQueryDemo-Prefix.pch";
				HEADER_SEARCH_PATHS = /usr/include/libxml2;
				INFOPLIST_FILE = "iOSQueryDemo/iOSQueryDemo-Info.plist";
				IPHONEOS_DEPLOYMENT_TARGET = 4.3;
				PRODUCT_NAME = "$(TARGET_NAME)";
				TARGETED_DEVICE_FAMILY = 2;
				VALIDATE_PRODUCT = YES;
				WRAPPER_EXTENSION = app;
			};
			name = Release;
		};
/* End XCBuildConfiguration section */

/* Begin XCConfigurationList section */
		F4C2979913649C44009ACB8D /* Build configuration list for PBXProject "iOSQueryDemo" */ = {
			isa = XCConfigurationList;
			buildConfigurations = (
				F4C297BE13649C45009ACB8D /* Debug */,
				F4C297BF13649C45009ACB8D /* Release */,
			);
			defaultConfigurationIsVisible = 0;
			defaultConfigurationName = Release;
		};
		F4C297C013649C45009ACB8D /* Build configuration list for PBXNativeTarget "iOSQueryDemo" */ = {
			isa = XCConfigurationList;
			buildConfigurations = (
				F4C297C113649C45009ACB8D /* Debug */,
				F4C297C213649C45009ACB8D /* Release */,
			);
			defaultConfigurationIsVisible = 0;
			defaultConfigurationName = Release;
		};
/* End XCConfigurationList section */
	};
	rootObject = F4C2979613649C44009ACB8D /* Project object */;
}
